# Generated by conda-lock.
# platform: linux-64
# input_hash: bd003ef8a13853a1db7014ba6a6ebe1a31ceee8620a1c37dc1d551cad119f7bf
@EXPLICIT
https://conda.anaconda.org/conda-forge/linux-64/_libgcc_mutex-0.1-conda_forge.tar.bz2#d7c89558ba9fa0495403155b64376d81
https://conda.anaconda.org/conda-forge/linux-64/ca-certificates-2021.10.8-ha878542_0.tar.bz2#575611b8a84f45960e87722eeb51fa26
https://conda.anaconda.org/conda-forge/noarch/font-ttf-dejavu-sans-mono-2.37-hab24e00_0.tar.bz2#0c96522c6bdaed4b1566d11387caaf45
https://conda.anaconda.org/conda-forge/noarch/font-ttf-inconsolata-3.000-h77eed37_0.tar.bz2#34893075a5c9e55cdafac56607368fc6
https://conda.anaconda.org/conda-forge/noarch/font-ttf-source-code-pro-2.038-h77eed37_0.tar.bz2#4d59c254e01d9cde7957100457e2d5fb
https://conda.anaconda.org/conda-forge/noarch/font-ttf-ubuntu-0.83-hab24e00_0.tar.bz2#19410c3df09dfb12d1206132a1d357c5
https://conda.anaconda.org/conda-forge/noarch/kernel-headers_linux-64-2.6.32-he073ed8_15.tar.bz2#5dd5127afd710f91f6a75821bac0a4f0
https://conda.anaconda.org/conda-forge/linux-64/ld_impl_linux-64-2.36.1-hea4e1c9_2.tar.bz2#bd4f2e711b39af170e7ff15163fe87ee
https://conda.anaconda.org/conda-forge/linux-64/libgcc-devel_linux-64-9.4.0-hd854feb_11.tar.bz2#db20b3d6b359c3ca9674ad3f33562bab
https://conda.anaconda.org/conda-forge/linux-64/libgfortran5-11.2.0-h5c6108e_11.tar.bz2#2dcb18a9a0fa31f4f29e5a9b3eade394
https://conda.anaconda.org/conda-forge/linux-64/libstdcxx-ng-11.2.0-he4da1e4_11.tar.bz2#0bf83958e788f1e75ba26154cb702afe
https://conda.anaconda.org/conda-forge/linux-64/pandoc-2.16.1-h7f98852_0.tar.bz2#41f9f702c158189327a80fbeb108b172
https://conda.anaconda.org/conda-forge/noarch/rust-std-x86_64-unknown-linux-gnu-1.56.1-hc1431ca_0.tar.bz2#eb49f1d2ff3d29cc664335c9d4987bf0
https://conda.anaconda.org/conda-forge/noarch/fonts-conda-forge-1-0.tar.bz2#f766549260d6815b0c52253f1fb1bb29
https://conda.anaconda.org/conda-forge/linux-64/libgfortran-ng-11.2.0-h69a702a_11.tar.bz2#4ea2f9f83b617a7682e8aa05dcb37c6a
https://conda.anaconda.org/conda-forge/linux-64/libgomp-11.2.0-h1d223b6_11.tar.bz2#1d16527c76842bf9c41e9399d39d8097
https://conda.anaconda.org/conda-forge/noarch/sysroot_linux-64-2.12-he073ed8_15.tar.bz2#66c192522eacf5bb763568b4e415d133
https://conda.anaconda.org/conda-forge/linux-64/_openmp_mutex-4.5-1_gnu.tar.bz2#561e277319a41d4f24f5c05a9ef63c04
https://conda.anaconda.org/conda-forge/linux-64/binutils_impl_linux-64-2.36.1-h193b22a_2.tar.bz2#32aae4265554a47ea77f7c09f86aeb3b
https://conda.anaconda.org/conda-forge/noarch/fonts-conda-ecosystem-1-0.tar.bz2#fee5683a3f04bd15cbd8318b096a27ab
https://conda.anaconda.org/conda-forge/linux-64/binutils-2.36.1-hdd6e379_2.tar.bz2#3111f86041b5b6863545ca49130cca95
https://conda.anaconda.org/conda-forge/linux-64/binutils_linux-64-2.36-hf3e587d_1.tar.bz2#7d750bafc3cc7121170387583ecf0ff1
https://conda.anaconda.org/conda-forge/linux-64/libgcc-ng-11.2.0-h1d223b6_11.tar.bz2#e3495f4f93cfd6b68021cbe2b5844cd5
https://conda.anaconda.org/conda-forge/linux-64/abseil-cpp-20210324.2-h9c3ff4c_0.tar.bz2#baa652d7d0da41d757a31d00b4ae2c38
https://conda.anaconda.org/conda-forge/linux-64/aws-c-common-0.6.11-h7f98852_0.tar.bz2#7bd4f07dddb95ffd2c58eeb1db227a58
https://conda.anaconda.org/conda-forge/linux-64/bzip2-1.0.8-h7f98852_4.tar.bz2#a1fd65c7ccbf10880423d82bca54eb54
https://conda.anaconda.org/conda-forge/linux-64/c-ares-1.18.1-h7f98852_0.tar.bz2#f26ef8098fab1f719c91eb760d63381a
https://conda.anaconda.org/conda-forge/linux-64/expat-2.4.1-h9c3ff4c_0.tar.bz2#16054ef3cb3ec5d8d29d08772662f65d
https://conda.anaconda.org/conda-forge/linux-64/fribidi-1.0.10-h36c2ea0_0.tar.bz2#ac7bc6a654f8f41b352b38f4051135f8
https://conda.anaconda.org/conda-forge/linux-64/gflags-2.2.2-he1b5a44_1004.tar.bz2#cddaf2c63ea4a5901cf09524c490ecdc
https://conda.anaconda.org/conda-forge/linux-64/giflib-5.2.1-h36c2ea0_2.tar.bz2#626e68ae9cc5912d6adb79d318cf962d
https://conda.anaconda.org/conda-forge/linux-64/gmp-6.2.1-h58526e2_0.tar.bz2#b94cf2db16066b242ebd26db2facbd56
https://conda.anaconda.org/conda-forge/linux-64/graphite2-1.3.13-h58526e2_1001.tar.bz2#8c54672728e8ec6aa6db90cf2806d220
https://conda.anaconda.org/conda-forge/linux-64/icu-69.1-h9c3ff4c_0.tar.bz2#e0773c9556d588b062a4e1424a6a02fa
https://conda.anaconda.org/conda-forge/linux-64/jbig-2.1-h7f98852_2003.tar.bz2#1aa0cee79792fa97b7ff4545110b60bf
https://conda.anaconda.org/conda-forge/linux-64/jpeg-9d-h36c2ea0_0.tar.bz2#ea02ce6037dbe81803ae6123e5ba1568
https://conda.anaconda.org/conda-forge/linux-64/lerc-3.0-h9c3ff4c_0.tar.bz2#7fcefde484980d23f0ec24c11e314d2e
https://conda.anaconda.org/conda-forge/linux-64/libbrotlicommon-1.0.9-h7f98852_6.tar.bz2#b0f44f63f7d771d7670747a1dd5d5ac1
https://conda.anaconda.org/conda-forge/linux-64/libdeflate-1.8-h7f98852_0.tar.bz2#91d22aefa665265e8e31988b15145c8a
https://conda.anaconda.org/conda-forge/linux-64/libev-4.33-h516909a_1.tar.bz2#6f8720dff19e17ce5d48cfe7f3d2f0a3
https://conda.anaconda.org/conda-forge/linux-64/libffi-3.4.2-h7f98852_5.tar.bz2#d645c6d2ac96843a2bfaccd2d62b3ac3
https://conda.anaconda.org/conda-forge/linux-64/libiconv-1.16-h516909a_0.tar.bz2#5c0f338a513a2943c659ae619fca9211
https://conda.anaconda.org/conda-forge/linux-64/libnsl-2.0.0-h7f98852_0.tar.bz2#39b1328babf85c7c3a61636d9cd50206
https://conda.anaconda.org/conda-forge/linux-64/libopenblas-0.3.18-pthreads_h8fe5266_0.tar.bz2#41532e4448c0cce086d6570f95e4e12e
https://conda.anaconda.org/conda-forge/linux-64/libsanitizer-9.4.0-h79bfe98_11.tar.bz2#25da5fb8de6c9fd7eb5b465acd87a5b3
https://conda.anaconda.org/conda-forge/linux-64/libsodium-1.0.18-h36c2ea0_1.tar.bz2#c3788462a6fbddafdb413a9f9053e58d
https://conda.anaconda.org/conda-forge/linux-64/libtool-2.4.6-h9c3ff4c_1008.tar.bz2#16e143a1ed4b4fd169536373957f6fee
https://conda.anaconda.org/conda-forge/linux-64/libutf8proc-2.6.1-h7f98852_0.tar.bz2#fd037e965074069cbd94b600a84c27b8
https://conda.anaconda.org/conda-forge/linux-64/libuuid-2.32.1-h7f98852_1000.tar.bz2#772d69f030955d9646d3d0eaf21d859d
https://conda.anaconda.org/conda-forge/linux-64/libwebp-base-1.2.1-h7f98852_0.tar.bz2#90607c4c0247f04ec98b48997de71c1a
https://conda.anaconda.org/conda-forge/linux-64/libzlib-1.2.11-h36c2ea0_1013.tar.bz2#dcddf696ff5dfcab567100d691678e18
https://conda.anaconda.org/conda-forge/linux-64/lz4-c-1.9.3-h9c3ff4c_1.tar.bz2#fbe97e8fa6f275d7c76a09e795adc3e6
https://conda.anaconda.org/conda-forge/linux-64/metis-5.1.0-h58526e2_1006.tar.bz2#d099b812378b1e133c12e3b75167d83a
https://conda.anaconda.org/conda-forge/linux-64/ncurses-6.2-h58526e2_4.tar.bz2#509f2a21c4a09214cd737a480dfd80c9
https://conda.anaconda.org/conda-forge/linux-64/openssl-1.1.1l-h7f98852_0.tar.bz2#de7b38a1542dbe6f41653a8ae71adc53
https://conda.anaconda.org/conda-forge/linux-64/pcre-8.45-h9c3ff4c_0.tar.bz2#c05d1820a6d34ff07aaaab7a9b7eddaa
https://conda.anaconda.org/conda-forge/linux-64/pixman-0.40.0-h36c2ea0_0.tar.bz2#660e72c82f2e75a6b3fe6a6e75c79f19
https://conda.anaconda.org/conda-forge/linux-64/pthread-stubs-0.4-h36c2ea0_1001.tar.bz2#22dad4df6e8630e8dff2428f6f6a7036
https://conda.anaconda.org/conda-forge/linux-64/re2-2021.09.01-h9c3ff4c_0.tar.bz2#740e608e7e6a503a8b98b1ba1ebe1791
https://conda.anaconda.org/conda-forge/linux-64/snappy-1.1.8-he1b5a44_3.tar.bz2#83f1dc295c711bdbaf97e1f3bedf2f52
https://conda.anaconda.org/conda-forge/linux-64/tbb-2021.4.0-h4bd325d_1.tar.bz2#5c0e6a6180660e803d06905ab97d1878
https://conda.anaconda.org/conda-forge/linux-64/xorg-kbproto-1.0.7-h7f98852_1002.tar.bz2#4b230e8381279d76131116660f5a241a
https://conda.anaconda.org/conda-forge/linux-64/xorg-libice-1.0.10-h7f98852_0.tar.bz2#d6b0b50b49eccfe0be0373be628be0f3
https://conda.anaconda.org/conda-forge/linux-64/xorg-libxau-1.0.9-h7f98852_0.tar.bz2#bf6f803a544f26ebbdc3bfff272eb179
https://conda.anaconda.org/conda-forge/linux-64/xorg-libxdmcp-1.1.3-h7f98852_0.tar.bz2#be93aabceefa2fac576e971aef407908
https://conda.anaconda.org/conda-forge/linux-64/xorg-renderproto-0.11.1-h7f98852_1002.tar.bz2#06feff3d2634e3097ce2fe681474b534
https://conda.anaconda.org/conda-forge/linux-64/xorg-xextproto-7.3.0-h7f98852_1002.tar.bz2#1e15f6ad85a7d743a2ac68dae6c82b98
https://conda.anaconda.org/conda-forge/linux-64/xorg-xproto-7.0.31-h7f98852_1007.tar.bz2#b4a4381d54784606820704f7b5f05a15
https://conda.anaconda.org/conda-forge/linux-64/xz-5.2.5-h516909a_1.tar.bz2#33f601066901f3e1a85af3522a8113f9
https://conda.anaconda.org/conda-forge/linux-64/yaml-0.2.5-h516909a_0.tar.bz2#03a530e925414902547cf48da7756db8
https://conda.anaconda.org/conda-forge/linux-64/aws-c-cal-0.5.12-hf5774b0_2.tar.bz2#16ccfc8b02338d147845401b3674dcc6
https://conda.anaconda.org/conda-forge/linux-64/aws-c-compression-0.2.14-hcbdb60a_2.tar.bz2#d4b97161561816b868ee65006ba2a1e3
https://conda.anaconda.org/conda-forge/linux-64/aws-checksums-0.1.12-hcbdb60a_1.tar.bz2#59f2601e60eb23696e3d805ac519e7ac
https://conda.anaconda.org/conda-forge/linux-64/gcc_impl_linux-64-9.4.0-h03d3576_11.tar.bz2#af63ecae331d9d8f40727eb7db93eeee
https://conda.anaconda.org/conda-forge/linux-64/gettext-0.19.8.1-h73d1719_1008.tar.bz2#af49250eca8e139378f8ff0ae9e57251
https://conda.anaconda.org/conda-forge/linux-64/glog-0.5.0-h48cff8f_0.tar.bz2#a574d6262c2f18ed60a686e1014a6700
https://conda.anaconda.org/conda-forge/linux-64/glpk-4.65-h9202a9a_1004.tar.bz2#e2b206a63a520f880bb87a0a02dfb625
https://conda.anaconda.org/conda-forge/linux-64/libblas-3.9.0-12_linux64_openblas.tar.bz2#4f93ba28c628a2c27cf39c055e6b219c
https://conda.anaconda.org/conda-forge/linux-64/libbrotlidec-1.0.9-h7f98852_6.tar.bz2#c7c03a2592cac92246a13a0732bd1573
https://conda.anaconda.org/conda-forge/linux-64/libbrotlienc-1.0.9-h7f98852_6.tar.bz2#28bfe0a70154e6881da7bae97517c948
https://conda.anaconda.org/conda-forge/linux-64/libedit-3.1.20191231-he28a2e2_2.tar.bz2#4d331e44109e3f0e19b4cb8f9b82f3e1
https://conda.anaconda.org/conda-forge/linux-64/libevent-2.1.10-h9b69904_4.tar.bz2#390026683aef81db27ff1b8570ca1336
https://conda.anaconda.org/conda-forge/linux-64/libxcb-1.13-h7f98852_1003.tar.bz2#a9371e9e40aded194dcba1447606c9a1
https://conda.anaconda.org/conda-forge/linux-64/mpfr-4.1.0-h9202a9a_1.tar.bz2#ea9ebeddb066da8fad4a815e61b139be
https://conda.anaconda.org/conda-forge/linux-64/readline-8.1-h46c0cb4_0.tar.bz2#5788de3c8d7a7d64ac56c784c4ef48e6
https://conda.anaconda.org/conda-forge/linux-64/s2n-1.1.1-h9b69904_0.tar.bz2#90d72258464c00a52e0f2ee199de9421
https://conda.anaconda.org/conda-forge/linux-64/xorg-libsm-1.2.3-hd9c2040_1000.tar.bz2#9e856f78d5c80d5a78f61e72d1d473a3
https://conda.anaconda.org/conda-forge/linux-64/zeromq-4.3.4-h9c3ff4c_1.tar.bz2#21743a8d2ea0c8cfbbf8fe489b0347df
https://conda.anaconda.org/conda-forge/linux-64/zlib-1.2.11-h36c2ea0_1013.tar.bz2#cf7190238072a41e9579e4476a6a60b8
https://conda.anaconda.org/conda-forge/linux-64/aws-c-io-0.10.9-h14fba84_3.tar.bz2#6ae59872b7db1b16ec2e598307785c31
https://conda.anaconda.org/conda-forge/linux-64/gcc-9.4.0-h192d537_1.tar.bz2#ba31f4c7ff4537907899106538c35f09
https://conda.anaconda.org/conda-forge/linux-64/gcc_linux-64-9.4.0-h391b98a_1.tar.bz2#1dc00eab8ce4b3341aae9f54c19b810a
https://conda.anaconda.org/conda-forge/linux-64/libcblas-3.9.0-12_linux64_openblas.tar.bz2#2e5082d4a9a18c21100e6ce5b6bcb4ec
https://conda.anaconda.org/conda-forge/linux-64/libglib-2.70.0-h174f98d_1.tar.bz2#923cee7bae6f8dcbe12da21520e3ba4b
https://conda.anaconda.org/conda-forge/linux-64/liblapack-3.9.0-12_linux64_openblas.tar.bz2#9f401a6807a97e0c859d7522ae3d51ec
https://conda.anaconda.org/conda-forge/linux-64/libnghttp2-1.43.0-h812cca2_1.tar.bz2#d0a7846b7b3b8fb0d8b36904a53b8155
https://conda.anaconda.org/conda-forge/linux-64/libpng-1.6.37-h21135ba_2.tar.bz2#b6acf807307d033d4b7e758b4f44b036
https://conda.anaconda.org/conda-forge/linux-64/libprotobuf-3.18.1-h780b84a_0.tar.bz2#c3ad07d7c31c2ad207b1f4d36a451cee
https://conda.anaconda.org/conda-forge/linux-64/libssh2-1.10.0-ha56f1ee_2.tar.bz2#6ab4eaa11ff01801cffca0a27489dc04
https://conda.anaconda.org/conda-forge/linux-64/libthrift-0.15.0-he6d91bd_1.tar.bz2#97155bdbbd9a42d278981c1f958e06c0
https://conda.anaconda.org/conda-forge/linux-64/libxml2-2.9.12-h885dcf4_1.tar.bz2#d1355eaa48f465782f228275a0a69771
https://conda.anaconda.org/conda-forge/linux-64/pcre2-10.37-h032f7d1_0.tar.bz2#6469e4602e914febe6f057ad2271a54e
https://conda.anaconda.org/conda-forge/linux-64/rust-1.56.1-h61edd41_0.tar.bz2#48326b412b4eec85338175e15e37448b
https://conda.anaconda.org/conda-forge/linux-64/sqlite-3.36.0-h9cd32fc_2.tar.bz2#3588c2c6cb9f9bcc65b544ab1c715d60
https://conda.anaconda.org/conda-forge/linux-64/tk-8.6.11-h27826a3_1.tar.bz2#84e76fb280e735fec1efd2d21fd9cb27
https://conda.anaconda.org/conda-forge/linux-64/xorg-libx11-1.7.2-h7f98852_0.tar.bz2#12a61e640b8894504326aadafccbb790
https://conda.anaconda.org/conda-forge/linux-64/zstd-1.5.0-ha95c52a_0.tar.bz2#b56f94865e2de36abf054e7bfa499034
https://conda.anaconda.org/conda-forge/linux-64/arpack-3.7.0-hdefa2d7_2.tar.bz2#8763fe86163198ef1778d1d8d22bb078
https://conda.anaconda.org/conda-forge/linux-64/atk-1.0-2.36.0-h3371d22_4.tar.bz2#661e1ed5d92552785d9f8c781ce68685
https://conda.anaconda.org/conda-forge/linux-64/aws-c-event-stream-0.2.7-hb3c4c74_24.tar.bz2#3fc077d9db80b18781adf0e92af14e02
https://conda.anaconda.org/conda-forge/linux-64/aws-c-http-0.6.6-h0021954_1.tar.bz2#fa8bf395dd0d4c6bdd10770000c5c8ff
https://conda.anaconda.org/conda-forge/linux-64/c-compiler-1.3.0-h7f98852_0.tar.bz2#543ebd7ec7822fc5fb0284adfa3ba284
https://conda.anaconda.org/conda-forge/linux-64/freetype-2.10.4-h0708190_1.tar.bz2#4a06f2ac2e5bfae7b6b245171c3f07aa
https://conda.anaconda.org/conda-forge/linux-64/grpc-cpp-1.40.0-h05f19cf_2.tar.bz2#f06542f14cb3d2a983f2135c83f155d5
https://conda.anaconda.org/conda-forge/linux-64/gts-0.7.6-h64030ff_2.tar.bz2#112eb9b5b93f0c02e59aea4fd1967363
https://conda.anaconda.org/conda-forge/linux-64/krb5-1.19.2-hcc1bbae_3.tar.bz2#e29650992ae593bc05fc93722483e5c3
https://conda.anaconda.org/conda-forge/linux-64/libgit2-1.3.0-hee63804_1.tar.bz2#924bcc751c9587f2a65e72fca79906ca
https://conda.anaconda.org/conda-forge/linux-64/libtiff-4.3.0-h6f004c6_2.tar.bz2#34fda41ca84e67232888c9a885903055
https://conda.anaconda.org/conda-forge/linux-64/orc-1.7.0-h68e2c4e_0.tar.bz2#4d425f517070b0b68bb9d7f12ec2dbb9
https://conda.anaconda.org/conda-forge/linux-64/python-3.8.12-hb7a2778_2_cpython.tar.bz2#148ea076514259c7f562fbfba956a693
https://conda.anaconda.org/conda-forge/linux-64/suitesparse-5.10.1-h9e50725_1.tar.bz2#a3a685b5f9aeb890ed874502fe56accf
https://conda.anaconda.org/conda-forge/linux-64/xorg-libxext-1.3.4-h7f98852_1.tar.bz2#536cc5db4d0a3ba0630541aec064b5e4
https://conda.anaconda.org/conda-forge/linux-64/xorg-libxrender-0.9.10-h7f98852_1003.tar.bz2#f59c1242cc1dd93e72c2ee2b360979eb
https://conda.anaconda.org/conda-forge/noarch/appdirs-1.4.4-pyh9f0ad1d_0.tar.bz2#5f095bc6454094e96f146491fd03633b
https://conda.anaconda.org/conda-forge/noarch/async-timeout-3.0.1-py_1000.tar.bz2#8b11024b2762a07aaa07d2743231a41b
https://conda.anaconda.org/conda-forge/noarch/async_generator-1.10-py_0.tar.bz2#d56c596e61b1c4952acf0a9920856c12
https://conda.anaconda.org/conda-forge/noarch/atpublic-2.3-pyhd8ed1ab_0.tar.bz2#babe0a1fce8267bb489a31e7dc3da79a
https://conda.anaconda.org/conda-forge/noarch/attrs-21.2.0-pyhd8ed1ab_0.tar.bz2#d2e1c7f388ac403df7079b411c37cc50
https://conda.anaconda.org/conda-forge/linux-64/aws-c-auth-0.6.4-h66ccdbb_3.tar.bz2#a5d8e8baec57087e52e662e47a617a3f
https://conda.anaconda.org/conda-forge/linux-64/aws-c-mqtt-0.7.8-h8df633b_2.tar.bz2#89fca6293677cbe0377e35c142eb588a
https://conda.anaconda.org/conda-forge/noarch/backcall-0.2.0-pyh9f0ad1d_0.tar.bz2#6006a6d08a3fa99268a2681c7fb55213
https://conda.anaconda.org/conda-forge/noarch/backports-1.0-py_2.tar.bz2#0da16b293affa6ac31812376f8eb79dd
https://conda.anaconda.org/conda-forge/noarch/cached_property-1.5.2-pyha770c72_1.tar.bz2#576d629e47797577ab0f1b351297ef4a
https://conda.anaconda.org/conda-forge/noarch/charset-normalizer-2.0.0-pyhd8ed1ab_0.tar.bz2#4a57e24d5b759893615c05926b7b5fb9
https://conda.anaconda.org/conda-forge/noarch/colorama-0.4.4-pyh9f0ad1d_0.tar.bz2#c08b4c1326b880ed44f3ffb04803332f
https://conda.anaconda.org/conda-forge/noarch/cycler-0.11.0-pyhd8ed1ab_0.tar.bz2#a50559fad0affdbb33729a68669ca1cb
https://conda.anaconda.org/conda-forge/noarch/decorator-5.1.0-pyhd8ed1ab_0.tar.bz2#71b13ba2e0efcff45646f05d619534b0
https://conda.anaconda.org/conda-forge/noarch/defusedxml-0.7.1-pyhd8ed1ab_0.tar.bz2#961b3a227b437d82ad7054484cfa71b2
https://conda.anaconda.org/conda-forge/noarch/dictdiffer-0.9.0-pyhd8ed1ab_0.tar.bz2#3cb49199274e7f4d457d8fa2b84dea52
https://conda.anaconda.org/conda-forge/noarch/diskcache-5.2.1-pyh44b312d_0.tar.bz2#c0370e0cc1dc8910947382f597199a4c
https://conda.anaconda.org/conda-forge/noarch/distro-1.5.0-pyh9f0ad1d_0.tar.bz2#e8fe076861ef64480ce5207c18eb4a5c
https://conda.anaconda.org/conda-forge/noarch/docopt-0.6.2-py_1.tar.bz2#a9ed63e45579cfef026a916af2bc27c9
https://conda.anaconda.org/conda-forge/linux-64/fontconfig-2.13.1-hba837de_1005.tar.bz2#fd3611672eb91bc9d24fd6fb970037eb
https://conda.anaconda.org/conda-forge/noarch/fsspec-2021.8.1-pyhd8ed1ab_0.tar.bz2#c91815f86a9c2ed7525e9dc78fb189e4
https://conda.anaconda.org/conda-forge/noarch/funcy-1.16-pyhd8ed1ab_0.tar.bz2#03a5a9b67397ccf3cd2d4da0cacd68eb
https://conda.anaconda.org/conda-forge/linux-64/gdk-pixbuf-2.42.6-h04a7f16_0.tar.bz2#b24a1e18325a6e8f8b6b4a2ec5860ce2
https://conda.anaconda.org/conda-forge/noarch/idna-3.1-pyhd3deb0d_0.tar.bz2#9c9aea4b8391264477df484f798562d0
https://conda.anaconda.org/conda-forge/noarch/ipython_genutils-0.2.0-py_1.tar.bz2#5071c982548b3a20caf70462f04f5287
https://conda.anaconda.org/conda-forge/noarch/jmespath-0.10.0-pyh9f0ad1d_0.tar.bz2#5988f73e79824c7900954539fbfad3fa
https://conda.anaconda.org/conda-forge/noarch/json5-0.9.5-pyh9f0ad1d_0.tar.bz2#10759827a94e6b14996e81fb002c0bda
https://conda.anaconda.org/conda-forge/linux-64/lcms2-2.12-hddcbb42_0.tar.bz2#797117394a4aa588de6d741b06fad80f
https://conda.anaconda.org/conda-forge/linux-64/libcurl-7.79.1-h2574ce0_1.tar.bz2#7df45d44314d8ed15453dbe9f6c125db
https://conda.anaconda.org/conda-forge/linux-64/libwebp-1.2.1-h3452ae3_0.tar.bz2#6d4bf6265d998b6c975c26a6a24062a2
https://conda.anaconda.org/conda-forge/noarch/mailchecker-4.0.16-pyhd8ed1ab_0.tar.bz2#e14d59caee590b8259b42386c5167017
https://conda.anaconda.org/conda-forge/noarch/mccabe-0.6.1-py_1.tar.bz2#a326cb400c1ccd91789f3e7d02124d61
https://conda.anaconda.org/conda-forge/noarch/more-itertools-8.10.0-pyhd8ed1ab_0.tar.bz2#24a4379cfc9ba76a7ad238e5c32a6c68
https://conda.anaconda.org/conda-forge/noarch/nanotime-0.5.2-py_0.tar.bz2#01a44d917e6ddbe9b8873b2f81d45971
https://conda.anaconda.org/conda-forge/noarch/nest-asyncio-1.5.1-pyhd8ed1ab_0.tar.bz2#47a51a5b8f9cc41004c8d7bd88b62447
https://conda.anaconda.org/conda-forge/noarch/olefile-0.46-pyh9f0ad1d_1.tar.bz2#0b2e68acc8c78c8cc392b90983481f58
https://conda.anaconda.org/conda-forge/linux-64/openjpeg-2.4.0-hb52868f_1.tar.bz2#b7ad78ad2e9ee155f59e6428406ee824
https://conda.anaconda.org/conda-forge/noarch/pandocfilters-1.5.0-pyhd8ed1ab_0.tar.bz2#457c2c8c08e54905d6954e79cb5b5db9
https://conda.anaconda.org/conda-forge/noarch/parso-0.8.2-pyhd8ed1ab_0.tar.bz2#fb40b157bd62b457a1cc82527b63f0b0
https://conda.anaconda.org/conda-forge/noarch/pathspec-0.8.1-pyhd3deb0d_0.tar.bz2#fcd2fbb062b55d14a77e664c89ee17a6
https://conda.anaconda.org/conda-forge/noarch/phonenumbers-8.12.36-pyhd8ed1ab_0.tar.bz2#9f86ed7dd5108909e023fa42b0f3c270
https://conda.anaconda.org/conda-forge/noarch/ply-3.11-py_1.tar.bz2#7205635cd71531943440fbfe3b6b5727
https://conda.anaconda.org/conda-forge/noarch/prometheus_client-0.12.0-pyhd8ed1ab_0.tar.bz2#d7b366cccdf2c1e8ebdddbfff7c2ba00
https://conda.anaconda.org/conda-forge/noarch/ptyprocess-0.7.0-pyhd3deb0d_0.tar.bz2#359eeb6536da0e687af562ed265ec263
https://conda.anaconda.org/conda-forge/noarch/pyasn1-0.4.8-py_0.tar.bz2#06d04c9f8f72ac77911db942eda24fb9
https://conda.anaconda.org/conda-forge/noarch/pycodestyle-2.8.0-pyhd8ed1ab_0.tar.bz2#f2532eee272d45b1283ea4869d71f044
https://conda.anaconda.org/conda-forge/noarch/pycparser-2.21-pyhd8ed1ab_0.tar.bz2#076becd9e05608f8dc72757d5f3a91ff
https://conda.anaconda.org/conda-forge/noarch/pyflakes-2.4.0-pyhd8ed1ab_0.tar.bz2#1aa3ecd37d0694e2ea5fef48da75371e
https://conda.anaconda.org/conda-forge/noarch/pygtrie-2.4.2-pyhd3deb0d_0.tar.bz2#d62c3bd638993ed9300648fd7adaeb80
https://conda.anaconda.org/conda-forge/noarch/pyparsing-2.4.7-pyhd8ed1ab_1.tar.bz2#49cdb8bb03aab9dd1e9e1b30ee2e970c
https://conda.anaconda.org/conda-forge/linux-64/python_abi-3.8-2_cp38.tar.bz2#bfbb29d517281e78ac53e48d21e6e860
https://conda.anaconda.org/conda-forge/noarch/pytz-2021.3-pyhd8ed1ab_0.tar.bz2#7e4f811bff46a5a6a7e0094921389395
https://conda.anaconda.org/conda-forge/noarch/send2trash-1.8.0-pyhd8ed1ab_0.tar.bz2#edab14119efe85c3bf131ad747e9005c
https://conda.anaconda.org/conda-forge/noarch/shtab-1.4.2-pyhd8ed1ab_0.tar.bz2#70531b8e2f18d9ff06c95f75d34dfa3d
https://conda.anaconda.org/conda-forge/noarch/six-1.16.0-pyh6c4a22f_0.tar.bz2#e5f25f8dbc060e9a8d912e432202afc2
https://conda.anaconda.org/conda-forge/noarch/smmap-3.0.5-pyh44b312d_0.tar.bz2#3a8dc70789709aa315325d5df06fb7e4
https://conda.anaconda.org/conda-forge/noarch/tabulate-0.8.9-pyhd8ed1ab_0.tar.bz2#ee657dbe69e892aeccde7cabb4edf261
https://conda.anaconda.org/conda-forge/noarch/testpath-0.5.0-pyhd8ed1ab_0.tar.bz2#53b57d6a468bebc7cef1253b177a5e9e
https://conda.anaconda.org/conda-forge/noarch/text-unidecode-1.3-py_0.tar.bz2#afcf07cba949f797ac96c5e13e745cc7
https://conda.anaconda.org/conda-forge/noarch/texttable-1.6.4-pyhd8ed1ab_0.tar.bz2#dd608d276c94f82f9107995a90686133
https://conda.anaconda.org/conda-forge/noarch/toml-0.10.2-pyhd8ed1ab_0.tar.bz2#f832c45a477c78bebd107098db465095
https://conda.anaconda.org/conda-forge/noarch/traitlets-5.1.1-pyhd8ed1ab_0.tar.bz2#a1bc9765ef9499760e88f568b3a6622c
https://conda.anaconda.org/conda-forge/noarch/typing_extensions-3.10.0.2-pyha770c72_0.tar.bz2#85dfd487a244bbe2cf7019ce8a39b5bc
https://conda.anaconda.org/conda-forge/noarch/unidecode-1.3.2-pyhd8ed1ab_0.tar.bz2#c26689c4b5cec59f49d35b87205e8b37
https://conda.anaconda.org/conda-forge/noarch/voluptuous-0.12.2-pyhd8ed1ab_1.tar.bz2#9e70aeddf5aa089ad6bb98e5ff5af6d4
https://conda.anaconda.org/conda-forge/noarch/webencodings-0.5.1-py_1.tar.bz2#3563be4c5611a44210d9ba0c16113136
https://conda.anaconda.org/conda-forge/noarch/wheel-0.37.0-pyhd8ed1ab_1.tar.bz2#3aa2c3e25dd361b453d010388b9cdff1
https://conda.anaconda.org/conda-forge/noarch/xmltodict-0.12.0-py_0.tar.bz2#5f9715657f780b73fc3118ff9efd8562
https://conda.anaconda.org/conda-forge/noarch/zipp-3.6.0-pyhd8ed1ab_0.tar.bz2#855e2c4622f5eb50a4f6f7167b9ba17a
https://conda.anaconda.org/conda-forge/noarch/aioitertools-0.8.0-pyhd8ed1ab_0.tar.bz2#9b6ecc5db72324277f8469e4ccab7f50
https://conda.anaconda.org/conda-forge/linux-64/aws-c-s3-0.1.27-h8e2754f_1.tar.bz2#b2c7f3a918e967a3d52df15496a6a1af
https://conda.anaconda.org/conda-forge/noarch/babel-2.9.1-pyh44b312d_0.tar.bz2#74136ed39bfea0832d338df1e58d013e
https://conda.anaconda.org/conda-forge/noarch/cached-property-1.5.2-hd8ed1ab_1.tar.bz2#9b347a7ec10940d3f7941ff6c460b551
https://conda.anaconda.org/conda-forge/linux-64/cairo-1.16.0-ha00ac49_1009.tar.bz2#d1dff57b8731c245d3247b46d002e1c9
https://conda.anaconda.org/conda-forge/linux-64/certifi-2021.10.8-py38h578d9bd_1.tar.bz2#52a6cee65a5d10ed1c3f0af24fb48dd3
https://conda.anaconda.org/conda-forge/linux-64/cffi-1.15.0-py38h3931269_0.tar.bz2#9c491a90ae11d08ca97326a0ed876f3a
https://conda.anaconda.org/conda-forge/linux-64/chardet-4.0.0-py38h578d9bd_2.tar.bz2#b1ac3204dde49f0d9ab8adce12676920
https://conda.anaconda.org/conda-forge/noarch/configobj-5.0.6-py_0.tar.bz2#e46ba874295e2eda5593650895777913
https://conda.anaconda.org/conda-forge/linux-64/debugpy-1.5.1-py38h709712a_0.tar.bz2#e4562edba9cf178746097668eaac5530
https://conda.anaconda.org/conda-forge/linux-64/dpath-2.0.5-py38h578d9bd_1.tar.bz2#375b2370b6d79664b16253d99709fc98
https://conda.anaconda.org/conda-forge/linux-64/entrypoints-0.3-py38h32f6830_1002.tar.bz2#b76ac7f9e86b4169c3b3003dedd05e87
https://conda.anaconda.org/conda-forge/noarch/flufl.lock-3.2-pyhd8ed1ab_1.tar.bz2#b688ebe20601b2a37e09c32590f88e10
https://conda.anaconda.org/conda-forge/linux-64/future-0.18.2-py38h578d9bd_4.tar.bz2#199e5192c86cfd9586d4a6ed272c1870
https://conda.anaconda.org/conda-forge/noarch/gitdb-4.0.9-pyhd8ed1ab_0.tar.bz2#40fc6b14a45dee3a3fd9f302d026108e
https://conda.anaconda.org/conda-forge/linux-64/importlib-metadata-4.2.0-py38h578d9bd_0.tar.bz2#c4f7c186016a1859ea91bd025b4c2958
https://conda.anaconda.org/conda-forge/noarch/importlib_resources-5.4.0-pyhd8ed1ab_0.tar.bz2#9fb134dbabe7851a9d71411064b2c30d
https://conda.anaconda.org/conda-forge/linux-64/jedi-0.18.0-py38h578d9bd_3.tar.bz2#7bb6fe4d2a74dfa75141cfaeeb41300e
https://conda.anaconda.org/conda-forge/linux-64/jupyter_core-4.9.1-py38h578d9bd_0.tar.bz2#6995a9746d9f325e637032754d79acd9
https://conda.anaconda.org/conda-forge/linux-64/kiwisolver-1.3.2-py38h1fd1430_1.tar.bz2#085365abfe53d5d13bb68b1dda0b439e
https://conda.anaconda.org/conda-forge/linux-64/libgd-2.3.3-h3cfcdeb_1.tar.bz2#37d7568c595f0cfcd0c493f5ca0344ab
https://conda.anaconda.org/conda-forge/noarch/markdown-it-py-1.1.0-pyhd8ed1ab_0.tar.bz2#84e8dfb1a9e6a824f32fd45b867271ca
https://conda.anaconda.org/conda-forge/linux-64/markupsafe-2.0.1-py38h497a2fe_1.tar.bz2#1ef7b5f4826ca48a15e2cd98a5c3436d
https://conda.anaconda.org/conda-forge/noarch/matplotlib-inline-0.1.3-pyhd8ed1ab_0.tar.bz2#be3bfd435802d2c768c6b2439f325f3d
https://conda.anaconda.org/conda-forge/linux-64/mistune-0.8.4-py38h497a2fe_1005.tar.bz2#e842470b42e2640e90a3a2e32729bc92
https://conda.anaconda.org/conda-forge/linux-64/multidict-5.2.0-py38h497a2fe_1.tar.bz2#3c98458dd73c4e01c7851ba44caff3ef
https://conda.anaconda.org/conda-forge/linux-64/numpy-1.21.4-py38he2449b9_0.tar.bz2#937a6c3d23aaf60f500514a3ea5709cb
https://conda.anaconda.org/conda-forge/noarch/packaging-21.2-pyhd8ed1ab_1.tar.bz2#80ab704308a0c870245dc4cb62c6c156
https://conda.anaconda.org/conda-forge/linux-64/pathlib2-2.3.6-py38h578d9bd_1.tar.bz2#394fa0aab4540860d11de537d5ea503e
https://conda.anaconda.org/conda-forge/linux-64/pexpect-4.8.0-py38h32f6830_1.tar.bz2#da53534fe197ed435275df2c59043083
https://conda.anaconda.org/conda-forge/linux-64/pickleshare-0.7.5-py38h32f6830_1002.tar.bz2#7488e0d321c607bbe87ae6555cbc0f18
https://conda.anaconda.org/conda-forge/linux-64/pillow-8.3.2-py38h8e6f84c_0.tar.bz2#68380ec51fcf6f0de1474d59a6f2e81b
https://conda.anaconda.org/conda-forge/linux-64/psutil-5.8.0-py38h497a2fe_2.tar.bz2#f2896db231103115b34bb2d0d22fba19
https://conda.anaconda.org/conda-forge/linux-64/pyrsistent-0.18.0-py38h497a2fe_0.tar.bz2#632a5ae36837009218a49f0e15b7cb99
https://conda.anaconda.org/conda-forge/linux-64/pysocks-1.7.1-py38h578d9bd_4.tar.bz2#9c4bbee6f682f2fc7d7803df3996e77e
https://conda.anaconda.org/conda-forge/noarch/python-dateutil-2.8.2-pyhd8ed1ab_0.tar.bz2#dd999d1cc9f79e67dbb855c8924c7984
https://conda.anaconda.org/conda-forge/linux-64/python-igraph-0.9.8-py38h2af5540_0.tar.bz2#0423e1d3a60f5f353d5e79b6ac9e729d
https://conda.anaconda.org/conda-forge/noarch/python-slugify-5.0.2-pyhd8ed1ab_0.tar.bz2#b2ffe26ee75064d51a5127fd22e5f78e
https://conda.anaconda.org/conda-forge/linux-64/pyyaml-6.0-py38h497a2fe_3.tar.bz2#131de7d638aa59fb8afbce59f1a8aa98
https://conda.anaconda.org/conda-forge/linux-64/pyzmq-22.3.0-py38h2035c66_1.tar.bz2#3938fa672dbd1762f9134b2026aebadc
https://conda.anaconda.org/conda-forge/linux-64/ruamel.yaml.clib-0.2.2-py38h497a2fe_2.tar.bz2#5637db1362aff1866921cfcd558065ab
https://conda.anaconda.org/conda-forge/linux-64/setuptools-58.5.3-py38h578d9bd_0.tar.bz2#342b21137295f57f1096691746f9e71d
https://conda.anaconda.org/conda-forge/linux-64/shortuuid-1.0.2-py38h578d9bd_1.tar.bz2#2f1a4e6b6aea68f56dc9dd345fd7c15a
https://conda.anaconda.org/conda-forge/linux-64/sniffio-1.2.0-py38h578d9bd_2.tar.bz2#f3551ed88243d9b21494571e3c10e049
https://conda.anaconda.org/conda-forge/linux-64/tornado-6.1-py38h497a2fe_2.tar.bz2#63b3b55c98b4239134e0be080f448944
https://conda.anaconda.org/conda-forge/noarch/tqdm-4.62.3-pyhd8ed1ab_0.tar.bz2#24ed42db084efd6e615babec03c2b460
https://conda.anaconda.org/conda-forge/noarch/typing-extensions-3.10.0.2-hd8ed1ab_0.tar.bz2#786c3b0de977da13146a2eaaa091ac46
https://conda.anaconda.org/conda-forge/linux-64/websocket-client-0.57.0-py38h578d9bd_6.tar.bz2#4df513bab6748b7120e54ca23f9aa4df
https://conda.anaconda.org/conda-forge/linux-64/wrapt-1.13.3-py38h497a2fe_1.tar.bz2#0ad9bbe660b6facac119062c91c35533
https://conda.anaconda.org/conda-forge/linux-64/anyio-3.3.4-py38h578d9bd_0.tar.bz2#09070a85bfb052ebbfa5e9a88e9c50f4
https://conda.anaconda.org/conda-forge/linux-64/argon2-cffi-21.1.0-py38h497a2fe_2.tar.bz2#c57b7301f7714525a4f4a8fbf05781b0
https://conda.anaconda.org/conda-forge/linux-64/aws-crt-cpp-0.17.1-hf793bd7_3.tar.bz2#8fbd13b23077643b4096fafe07f377ee
https://conda.anaconda.org/conda-forge/noarch/backports.functools_lru_cache-1.6.4-pyhd8ed1ab_0.tar.bz2#c5b3edc62d6309088f4970b3eaaa65a6
https://conda.anaconda.org/conda-forge/noarch/bleach-4.1.0-pyhd8ed1ab_0.tar.bz2#4a2104c7b22c222bd0fe03aaef12862c
https://conda.anaconda.org/conda-forge/linux-64/brotlipy-0.7.0-py38h497a2fe_1003.tar.bz2#9189b42c42b9c87b2b2068cbe31901a8
https://conda.anaconda.org/conda-forge/noarch/commonmark-0.9.1-py_0.tar.bz2#6aa0173c14befcd577ded130cf6f22f5
https://conda.anaconda.org/conda-forge/linux-64/cryptography-35.0.0-py38h3e25421_2.tar.bz2#ebb8cc9dcac756a087a3639e69a3ae26
https://conda.anaconda.org/conda-forge/noarch/flake8-4.0.1-pyhd8ed1ab_1.tar.bz2#ebcd260142f408f587dafc01170a32f2
https://conda.anaconda.org/conda-forge/noarch/flatten-dict-0.4.2-pyhd8ed1ab_1.tar.bz2#ccfb30b92adfeb283d4dcae3d0b6441b
https://conda.anaconda.org/conda-forge/noarch/gitpython-3.1.24-pyhd8ed1ab_0.tar.bz2#38b9853bd2dddbfbe1a0f57c5587b667
https://conda.anaconda.org/conda-forge/noarch/grandalf-0.6-py_0.tar.bz2#33a7fcc81d04a950f06cd261b5d61fd2
https://conda.anaconda.org/conda-forge/linux-64/harfbuzz-3.1.1-hb4a5f5f_1.tar.bz2#9a82d401de57941161e67c08e1dba7f4
https://conda.anaconda.org/conda-forge/noarch/jinja2-3.0.2-pyhd8ed1ab_0.tar.bz2#63bce5b7963c5f50273bd86a57b82272
https://conda.anaconda.org/conda-forge/noarch/jsonschema-4.2.1-pyhd8ed1ab_0.tar.bz2#0a4d10a794fc48016d8d0453365180ad
https://conda.anaconda.org/conda-forge/noarch/jupyter_client-7.0.6-pyhd8ed1ab_0.tar.bz2#bad4522cf4a022cb5500969ad67c3342
https://conda.anaconda.org/conda-forge/linux-64/matplotlib-base-3.4.3-py38hf4fb855_1.tar.bz2#b5048e730b8f0f311d2ed6fc8e7272dc
https://conda.anaconda.org/conda-forge/noarch/mdit-py-plugins-0.2.8-pyhd8ed1ab_0.tar.bz2#49236fcd746a124eb56d326f79e1d46d
https://conda.anaconda.org/conda-forge/linux-64/pandas-1.3.4-py38h43a58ef_1.tar.bz2#fd33f08f30169c73c7611cb43d1297c7
https://conda.anaconda.org/conda-forge/noarch/pip-21.3.1-pyhd8ed1ab_0.tar.bz2#e4fe2a9af78ff11f1aced7e62128c6a8
https://conda.anaconda.org/conda-forge/linux-64/pygit2-1.7.0-py38h497a2fe_1.tar.bz2#fd25f6156a80fe5be104227a207b00e5
https://conda.anaconda.org/conda-forge/noarch/pygments-2.10.0-pyhd8ed1ab_0.tar.bz2#32bcce837f1316f1c3208118b6c5e5fc
https://conda.anaconda.org/conda-forge/linux-64/ruamel.yaml-0.17.17-py38h497a2fe_0.tar.bz2#a824579817826ef187ef0f8c29e604c2
https://conda.anaconda.org/conda-forge/linux-64/scipy-1.7.2-py38h56a6a73_0.tar.bz2#44a8618194eb0c814bc649a0e5a15ca0
https://conda.anaconda.org/conda-forge/linux-64/terminado-0.12.1-py38h578d9bd_1.tar.bz2#7895939107a904267a9e5f9678c9b27f
https://conda.anaconda.org/conda-forge/linux-64/yarl-1.7.2-py38h497a2fe_1.tar.bz2#6f58661f51626652f8afd180c22612e0
https://conda.anaconda.org/conda-forge/noarch/zc.lockfile-2.0-py_0.tar.bz2#7a74aa2ef90a78fd66d95ef2d894e562
https://conda.anaconda.org/conda-forge/linux-64/aiohttp-3.7.4.post0-py38h497a2fe_1.tar.bz2#ebef088a59a16eb5be985961073229fc
https://conda.anaconda.org/conda-forge/linux-64/aws-sdk-cpp-1.9.120-hab07a0e_0.tar.bz2#17db0bf7af8188dd0609d6718a2d2477
https://conda.anaconda.org/conda-forge/noarch/jupyterlab_pygments-0.1.2-pyh9f0ad1d_0.tar.bz2#2cbd910890bb328e8959246a1e16fac7
https://conda.anaconda.org/conda-forge/noarch/nbformat-5.1.3-pyhd8ed1ab_0.tar.bz2#bafa5df6d4f8db69a4d197b4657127e7
https://conda.anaconda.org/conda-forge/noarch/networkx-2.6.3-pyhd8ed1ab_1.tar.bz2#4028eff5a1d3deed58c98774e7aa9891
https://conda.anaconda.org/conda-forge/linux-64/pango-1.48.10-h54213e6_2.tar.bz2#b7ed7c76c9360db1f91afba2e220007b
https://conda.anaconda.org/conda-forge/noarch/patsy-0.5.2-pyhd8ed1ab_0.tar.bz2#2e4e8be763551f60bbfcc22b650e5d49
https://conda.anaconda.org/conda-forge/noarch/pyopenssl-21.0.0-pyhd8ed1ab_0.tar.bz2#8c49efecb7dca466e18b06015e8c88ce
https://conda.anaconda.org/conda-forge/linux-64/rich-10.13.0-py38h578d9bd_0.tar.bz2#0532d630c66b5df1cec84ee67025d123
https://conda.anaconda.org/conda-forge/noarch/seaborn-base-0.11.2-pyhd8ed1ab_0.tar.bz2#fe2303dc8f1febeb82d927ce8ad153ed
https://conda.anaconda.org/conda-forge/noarch/wcwidth-0.2.5-pyh9f0ad1d_2.tar.bz2#5266fcd697043c59621fda522b3d78ee
https://conda.anaconda.org/conda-forge/noarch/aiohttp-retry-2.4.5-pyhd8ed1ab_0.tar.bz2#427113e362daf188e00280063c97654d
https://conda.anaconda.org/conda-forge/linux-64/arrow-cpp-6.0.0-py38h106302a_0_cpu.tar.bz2#2921431267345760b5e395c11f59bbd8
https://conda.anaconda.org/conda-forge/noarch/ftfy-6.0.3-pyhd8ed1ab_0.tar.bz2#137b1d09e852acd217840a7177d3669b
https://conda.anaconda.org/conda-forge/linux-64/gtk2-2.24.33-h539f30e_1.tar.bz2#606777b4da3664d5c9415f5f165349fd
https://conda.anaconda.org/conda-forge/noarch/jupytext-1.13.1-pyh6002c4b_0.tar.bz2#cb71a5e711a138e03f5a3d51a4db0ad9
https://conda.anaconda.org/conda-forge/linux-64/librsvg-2.52.3-hc3c00ef_0.tar.bz2#6eecc995e05cb77fd2878ab0aa03ea52
https://conda.anaconda.org/conda-forge/noarch/nbclient-0.5.5-pyhd8ed1ab_0.tar.bz2#ecbb76e045ef088ec91f87741008ac4e
https://conda.anaconda.org/conda-forge/noarch/prompt-toolkit-3.0.22-pyha770c72_0.tar.bz2#a749a230f0d950eae1dedf13ff344b15
https://conda.anaconda.org/conda-forge/linux-64/statsmodels-0.13.0-py38h6c62de6_1.tar.bz2#44c6f51afccea17d1a789810c016f6ae
https://conda.anaconda.org/conda-forge/noarch/urllib3-1.26.7-pyhd8ed1ab_0.tar.bz2#be75bab4820a56f77ba1a3fc9139c36a
https://conda.anaconda.org/conda-forge/noarch/botocore-1.20.106-pyhd8ed1ab_0.tar.bz2#06a18a9dd3be807885ea2b3d83b12003
https://conda.anaconda.org/conda-forge/linux-64/dulwich-0.20.26-py38h497a2fe_1.tar.bz2#1ff8560e600c3548425aea87d0b44a49
https://conda.anaconda.org/conda-forge/linux-64/graphviz-2.49.3-h85b4f2f_0.tar.bz2#71062453180260ef85c861996b29bd6a
https://conda.anaconda.org/conda-forge/linux-64/ipython-7.29.0-py38he5a9106_1.tar.bz2#1565e1129389b6df708a28a045748a7d
https://conda.anaconda.org/conda-forge/linux-64/nbconvert-6.2.0-py38h578d9bd_0.tar.bz2#f0c04bbf7c5d22a89c0982415cd6f41f
https://conda.anaconda.org/conda-forge/linux-64/parquet-cpp-1.5.1-1.tar.bz2#f88f83428aa93efac1eb00980f8e15d3
https://conda.anaconda.org/conda-forge/noarch/requests-2.26.0-pyhd8ed1ab_0.tar.bz2#0ed2ccbde6db9dd5789068eb7194463f
https://conda.anaconda.org/conda-forge/noarch/seaborn-0.11.2-hd8ed1ab_0.tar.bz2#e56b6a19f4b717eca7c68ad78196b075
https://conda.anaconda.org/conda-forge/noarch/aiobotocore-1.4.0-pyhd8ed1ab_0.tar.bz2#5c980c71a56f7a69ecdaed65c0a0dbf8
https://conda.anaconda.org/conda-forge/linux-64/ipykernel-6.4.2-py38he5a9106_0.tar.bz2#c27fe4e079b7a4d655354213d8f18356
https://conda.anaconda.org/conda-forge/noarch/jupyter_server-1.11.2-pyhd8ed1ab_0.tar.bz2#f14d0f526177445a4de21dc878d21b31
https://conda.anaconda.org/conda-forge/linux-64/pyarrow-6.0.0-py38he7e5f7d_0_cpu.tar.bz2#762ea58a34d57c763c74971030b55f2f
https://conda.anaconda.org/conda-forge/linux-64/pydot-1.4.2-py38h578d9bd_1.tar.bz2#25a717582a98c48c485be6adfd03e7e1
https://conda.anaconda.org/conda-forge/noarch/python-fsutil-0.5.0-pyhd8ed1ab_0.tar.bz2#a903f29518b0318aadbf520c3b991315
https://conda.anaconda.org/conda-forge/noarch/s3transfer-0.4.2-pyhd8ed1ab_0.tar.bz2#e86b8df55baf33ae2165139ccc80ad73
https://conda.anaconda.org/conda-forge/noarch/boto3-1.17.106-pyhd8ed1ab_0.tar.bz2#10bb5b5f1720bd05bbb9aef0d94f92a1
https://conda.anaconda.org/conda-forge/noarch/jupyterlab_server-2.8.2-pyhd8ed1ab_0.tar.bz2#c7891bb53fbb3911f4b526533314d63b
https://conda.anaconda.org/conda-forge/noarch/notebook-6.4.5-pyha770c72_0.tar.bz2#38dbdd8c5c765323710d15e4826a93ec
https://conda.anaconda.org/conda-forge/noarch/python-benedict-0.24.3-pyhd8ed1ab_0.tar.bz2#102e8b853822b0b7210575c7ea47d91e
https://conda.anaconda.org/conda-forge/noarch/s3fs-2021.8.1-pyhd8ed1ab_0.tar.bz2#c767b2c6110e98bf66e19688978ab757
https://conda.anaconda.org/conda-forge/linux-64/dvc-2.7.4-py38h578d9bd_0.tar.bz2#94b1e869c42285caedb12d57ccf06bf4
https://conda.anaconda.org/conda-forge/noarch/nbclassic-0.3.4-pyhd8ed1ab_0.tar.bz2#e21efe42d229d4b8a42ae4aa08ac4198
https://conda.anaconda.org/conda-forge/linux-64/dvc-s3-2.7.4-py38h578d9bd_0.tar.bz2#d01fa2719d2ee42b4bad3069d8f0d888
https://conda.anaconda.org/conda-forge/noarch/jupyterlab-3.2.2-pyhd8ed1ab_0.tar.bz2#f41e7e2f2213004a52f41a96245195f1
