# Generated by conda-lock.
# platform: osx-64
# input_hash: d7d8071b2c48cd895b5a14cc9b5e4ef6b0500de629a61410eb6c89ee9bc4db01
@EXPLICIT
https://conda.anaconda.org/conda-forge/osx-64/aws-c-common-0.6.17-h0d85af4_0.tar.bz2#f7d25e88e90bc2f8ef93864824383cf3
https://conda.anaconda.org/conda-forge/osx-64/bzip2-1.0.8-h0d85af4_4.tar.bz2#37edc4e6304ca87316e160f5ca0bd1b5
https://conda.anaconda.org/conda-forge/osx-64/c-ares-1.18.1-h0d85af4_0.tar.bz2#00b3e98a61e6430808fe7a2534681f28
https://conda.anaconda.org/conda-forge/osx-64/ca-certificates-2021.10.8-h033912b_0.tar.bz2#bb82d0243db9882b509702ecb69e38f0
https://conda.anaconda.org/conda-forge/noarch/font-ttf-dejavu-sans-mono-2.37-hab24e00_0.tar.bz2#0c96522c6bdaed4b1566d11387caaf45
https://conda.anaconda.org/conda-forge/noarch/font-ttf-inconsolata-3.000-h77eed37_0.tar.bz2#34893075a5c9e55cdafac56607368fc6
https://conda.anaconda.org/conda-forge/noarch/font-ttf-source-code-pro-2.038-h77eed37_0.tar.bz2#4d59c254e01d9cde7957100457e2d5fb
https://conda.anaconda.org/conda-forge/noarch/font-ttf-ubuntu-0.83-hab24e00_0.tar.bz2#19410c3df09dfb12d1206132a1d357c5
https://conda.anaconda.org/conda-forge/osx-64/fribidi-1.0.10-hbcb3906_0.tar.bz2#f1c6b41e0f56998ecd9a3e210faa1dc0
https://conda.anaconda.org/conda-forge/osx-64/giflib-5.2.1-hbcb3906_2.tar.bz2#be8f747c37e4d7e346c133e641966750
https://conda.anaconda.org/conda-forge/osx-64/jbig-2.1-h0d85af4_2003.tar.bz2#4d76d11d3a256931926099498aa3565b
https://conda.anaconda.org/conda-forge/osx-64/jpeg-9d-hbcb3906_0.tar.bz2#ff6fba028f282f94ceb10597d58a56e8
https://conda.anaconda.org/conda-forge/osx-64/ldid-2.1.2-h6a69015_3.tar.bz2#030c04813141f46538bbdc44faa7b3b8
https://conda.anaconda.org/conda-forge/osx-64/libbrotlicommon-1.0.9-h0d85af4_6.tar.bz2#bb40dfcead1d3522ed7e58159080f735
https://conda.anaconda.org/conda-forge/osx-64/libcxx-12.0.1-habf9029_0.tar.bz2#49c188a7f9c7c9ddabafc80cc5625bb7
https://conda.anaconda.org/conda-forge/osx-64/libdeflate-1.8-h0d85af4_0.tar.bz2#0c233c9a12552ee43d1e3f477f2a54ee
https://conda.anaconda.org/conda-forge/osx-64/libev-4.33-haf1e3a3_1.tar.bz2#79dc2be110b2a3d1e97ec21f691c50ad
https://conda.anaconda.org/conda-forge/osx-64/libffi-3.4.2-h0d85af4_5.tar.bz2#ccb34fb14960ad8b125962d3d79b31a9
https://conda.anaconda.org/conda-forge/osx-64/libiconv-1.16-haf1e3a3_0.tar.bz2#c5fab167412a52e491c8e11453ae016f
https://conda.anaconda.org/conda-forge/osx-64/libsodium-1.0.18-hbcb3906_1.tar.bz2#24632c09ed931af617fe6d5292919cab
https://conda.anaconda.org/conda-forge/osx-64/libtool-2.4.6-he49afe7_1008.tar.bz2#9c8f39ea3499b42a833157e54bc95441
https://conda.anaconda.org/conda-forge/osx-64/libutf8proc-2.6.1-h35c211d_0.tar.bz2#32c996bd8524fd71ba77c65242906850
https://conda.anaconda.org/conda-forge/osx-64/libwebp-base-1.2.1-h0d85af4_0.tar.bz2#8c6f05a6655b7911c62910343ba806d1
https://conda.anaconda.org/conda-forge/osx-64/libzlib-1.2.11-h9173be1_1013.tar.bz2#a3a6a53beaa92c5cfe52ee3a198e78cc
https://conda.anaconda.org/conda-forge/osx-64/llvm-openmp-12.0.1-hda6cdc1_1.tar.bz2#35b1fd6ed9f0f1c68583dc9c9f672513
https://conda.anaconda.org/conda-forge/osx-64/metis-5.1.0-h2e338ed_1006.tar.bz2#ed90f7784864e7c0580624ec3ed5534e
https://conda.anaconda.org/conda-forge/osx-64/ncurses-6.2-h2e338ed_4.tar.bz2#9cef1910395d1543527583e73dba30f1
https://conda.anaconda.org/conda-forge/osx-64/pandoc-2.16.2-h0d85af4_0.tar.bz2#4ae08610c2ffddffb0ff0f15b9e98262
https://conda.anaconda.org/conda-forge/osx-64/pixman-0.40.0-hbcb3906_0.tar.bz2#09a583a6f172715be21d93aaa1b42d71
https://conda.anaconda.org/conda-forge/noarch/rust-std-x86_64-apple-darwin-1.56.1-h059895a_0.tar.bz2#96eb7bf7a17fb5784e845238a228e24e
https://conda.anaconda.org/conda-forge/osx-64/xz-5.2.5-haf1e3a3_1.tar.bz2#41116deb499e9bc58048c297d6403ce6
https://conda.anaconda.org/conda-forge/osx-64/yaml-0.2.5-haf1e3a3_0.tar.bz2#84c2fc186995c25a43e86ed708065572
https://conda.anaconda.org/conda-forge/osx-64/abseil-cpp-20210324.2-he49afe7_0.tar.bz2#7ada5c1455955c8fee7c8ee3beace5f4
https://conda.anaconda.org/conda-forge/osx-64/aws-c-compression-0.2.14-h8451fdb_7.tar.bz2#32709d8f388a47e00a07c2f7c7bd06cf
https://conda.anaconda.org/conda-forge/osx-64/aws-c-sdkutils-0.1.1-h8451fdb_4.tar.bz2#5f85c9d87080c1d864cbe519ad78b66d
https://conda.anaconda.org/conda-forge/osx-64/aws-checksums-0.1.12-h8451fdb_6.tar.bz2#7ef64f3fe5dcd5121c94d713dd6b8b5c
https://conda.anaconda.org/conda-forge/osx-64/expat-2.4.1-he49afe7_0.tar.bz2#61d8ae52fc518342e6e0891f2d2c4104
https://conda.anaconda.org/conda-forge/noarch/fonts-conda-forge-1-0.tar.bz2#f766549260d6815b0c52253f1fb1bb29
https://conda.anaconda.org/conda-forge/osx-64/gettext-0.19.8.1-hd1a6beb_1008.tar.bz2#28c370fc39becf486601d9e491a5e184
https://conda.anaconda.org/conda-forge/osx-64/gflags-2.2.2-hb1e8313_1004.tar.bz2#3f59cc77a929537e42120faf104e0d16
https://conda.anaconda.org/conda-forge/osx-64/gmp-6.2.1-h2e338ed_0.tar.bz2#dedc96914428dae572a39e69ee2a392f
https://conda.anaconda.org/conda-forge/osx-64/graphite2-1.3.13-h2e338ed_1001.tar.bz2#5f6e7f98caddd0fc2d345b207531814c
https://conda.anaconda.org/conda-forge/osx-64/icu-69.1-he49afe7_0.tar.bz2#ee3bde95f8c74ebd296543525775ada5
https://conda.anaconda.org/conda-forge/osx-64/lerc-3.0-he49afe7_0.tar.bz2#a1d21f85e4b0d5e27a88ecab5e3961da
https://conda.anaconda.org/conda-forge/osx-64/libbrotlidec-1.0.9-h0d85af4_6.tar.bz2#8c6e36e5df668a3d44193837319b3444
https://conda.anaconda.org/conda-forge/osx-64/libbrotlienc-1.0.9-h0d85af4_6.tar.bz2#6718e3c3b3cc237695b3a6bc5a1b2ccb
https://conda.anaconda.org/conda-forge/osx-64/libedit-3.1.20191231-h0678c8f_2.tar.bz2#6016a8a1d0e63cac3de2c352cd40208b
https://conda.anaconda.org/conda-forge/osx-64/libgfortran5-9.3.0-h6c81a4c_23.tar.bz2#a6956ceb628b14594613cefee5127a7a
https://conda.anaconda.org/conda-forge/osx-64/lz4-c-1.9.3-he49afe7_1.tar.bz2#05c08241b66631c00ca4f9e0b75320bc
https://conda.anaconda.org/conda-forge/osx-64/openssl-1.1.1l-h0d85af4_0.tar.bz2#f7bcdbb7a5dae97030eee20b884b1f8a
https://conda.anaconda.org/conda-forge/osx-64/pcre-8.45-he49afe7_0.tar.bz2#0526850419e04ac003bc0b65a78dc4cc
https://conda.anaconda.org/conda-forge/osx-64/re2-2021.11.01-he49afe7_0.tar.bz2#0fdbc27fc0cfe4873554514762905562
https://conda.anaconda.org/conda-forge/osx-64/readline-8.1-h05e3726_0.tar.bz2#2832e9b6a7caa7cb192fcda6cfcd8871
https://conda.anaconda.org/conda-forge/osx-64/rust-1.56.1-h7e1429e_0.tar.bz2#0ab25769edd9d0d793dd7021dcce3f40
https://conda.anaconda.org/conda-forge/osx-64/snappy-1.1.8-hb1e8313_3.tar.bz2#73b65b3935375b56deb96f6794ed721e
https://conda.anaconda.org/conda-forge/osx-64/tapi-1100.0.11-h9ce4665_0.tar.bz2#f9ff42ccf809a21ba6f8607f8de36108
https://conda.anaconda.org/conda-forge/osx-64/tbb-2021.4.0-h940c156_1.tar.bz2#e144dec8fb993865dcdecd13587b3a0b
https://conda.anaconda.org/conda-forge/osx-64/zeromq-4.3.4-he49afe7_1.tar.bz2#1972d732b123ed04b60fd21e94f0b178
https://conda.anaconda.org/conda-forge/osx-64/zlib-1.2.11-h9173be1_1013.tar.bz2#cf985617d679990418c380099620b01a
https://conda.anaconda.org/conda-forge/osx-64/aws-c-cal-0.5.12-hda7428a_7.tar.bz2#57fcdf2b076c32c658288dbab331404c
https://conda.anaconda.org/conda-forge/osx-64/brotli-bin-1.0.9-h0d85af4_6.tar.bz2#00d57e8424c3fe0aeb3c37418e1b910e
https://conda.anaconda.org/conda-forge/noarch/fonts-conda-ecosystem-1-0.tar.bz2#fee5683a3f04bd15cbd8318b096a27ab
https://conda.anaconda.org/conda-forge/osx-64/glog-0.5.0-h25b26a9_0.tar.bz2#b2553b0a3fa0b47e8f8c4095be26fdc5
https://conda.anaconda.org/conda-forge/osx-64/glpk-4.65-h0f52abe_1004.tar.bz2#98bae4c889da79ddf6a0fe59cd740948
https://conda.anaconda.org/conda-forge/osx-64/libevent-2.1.10-h815e4d9_4.tar.bz2#adc6c89498c5f6fe5ba874d8259e7eeb
https://conda.anaconda.org/conda-forge/osx-64/libgfortran-5.0.0-9_3_0_h6c81a4c_23.tar.bz2#60f48cef2d50674e0428c5579b6c3f66
https://conda.anaconda.org/conda-forge/osx-64/libglib-2.70.1-hf1fb8c0_0.tar.bz2#2ce03b08f71746b42d583ecc30d8c845
https://conda.anaconda.org/conda-forge/osx-64/libllvm11-11.1.0-hd011deb_2.tar.bz2#2fb85f4602db53d72af74732ac23df59
https://conda.anaconda.org/conda-forge/osx-64/libnghttp2-1.43.0-h6f36284_1.tar.bz2#8489d081927ce544b21a64c9e1c254ee
https://conda.anaconda.org/conda-forge/osx-64/libpng-1.6.37-h7cec526_2.tar.bz2#9e52521faba2b53269672628d34e1513
https://conda.anaconda.org/conda-forge/osx-64/libprotobuf-3.18.1-hcf210ce_0.tar.bz2#2d787d9621224ccc09bc85ce9fc0aead
https://conda.anaconda.org/conda-forge/osx-64/libssh2-1.10.0-h52ee1ee_2.tar.bz2#8c8f3804e8e252b47443cfe8e40eddf9
https://conda.anaconda.org/conda-forge/osx-64/libxml2-2.9.12-h7e28ab6_1.tar.bz2#2c7f67fde580b88748f9fab02f98b2ba
https://conda.anaconda.org/conda-forge/osx-64/mpfr-4.1.0-h0f52abe_1.tar.bz2#afe26b08c2d2265b4d663d199000e5da
https://conda.anaconda.org/conda-forge/osx-64/pcre2-10.37-ha16e1b2_0.tar.bz2#a3be43be1fcee194d1e82e5ca2ce47bc
https://conda.anaconda.org/conda-forge/osx-64/sqlite-3.36.0-h23a322b_2.tar.bz2#9683f769193cd3148dc1fbeb59093921
https://conda.anaconda.org/conda-forge/osx-64/tk-8.6.11-h5dbffcc_1.tar.bz2#e35b11155bd70facee39dfdec7368ad0
https://conda.anaconda.org/conda-forge/osx-64/zstd-1.5.0-h582d3a0_0.tar.bz2#96a04eeb0146059f0c2d63491f77d6d0
https://conda.anaconda.org/conda-forge/osx-64/atk-1.0-2.36.0-he69c4ee_4.tar.bz2#7b97814b391b446512be7df30c90ad26
https://conda.anaconda.org/conda-forge/osx-64/aws-c-io-0.10.13-h3cf48f6_5.tar.bz2#ef82ea98c79f3125f5bc40fbf7317849
https://conda.anaconda.org/conda-forge/osx-64/brotli-1.0.9-h0d85af4_6.tar.bz2#742964fe79862ba2d03365a16278a877
https://conda.anaconda.org/conda-forge/osx-64/freetype-2.10.4-h4cff582_1.tar.bz2#5a136a432c6062362cd7990c514bd8d6
https://conda.anaconda.org/conda-forge/osx-64/grpc-cpp-1.42.0-h8a858f2_0.tar.bz2#9e85b4c544b029f8ea8beba2b011d097
https://conda.anaconda.org/conda-forge/osx-64/gts-0.7.6-hccb3bdf_2.tar.bz2#ad799f4bcdacc510347c2d9d19b40bc3
https://conda.anaconda.org/conda-forge/osx-64/krb5-1.19.2-hcfbf3a7_3.tar.bz2#22a613e8000ad9c0d8a14c5ca1e8e40b
https://conda.anaconda.org/conda-forge/osx-64/ld64_osx-64-530-he8994da_21.tar.bz2#e831e5eb9b076b34077b3c3ca4a2114d
https://conda.anaconda.org/conda-forge/osx-64/libclang-cpp11.1-11.1.0-default_he082bbe_1.tar.bz2#b2126ee481ad6966bafd31a15b55bcab
https://conda.anaconda.org/conda-forge/osx-64/libgit2-1.3.0-h14631ed_1.tar.bz2#d8491707edce3591d1579ca151e48215
https://conda.anaconda.org/conda-forge/osx-64/libopenblas-0.3.18-openmp_h3351f45_0.tar.bz2#a0636ed965924977a848fd0d0258cf17
https://conda.anaconda.org/conda-forge/osx-64/libthrift-0.15.0-hab56fdc_1.tar.bz2#eb324eaedfe67a037fab3eaf352a5175
https://conda.anaconda.org/conda-forge/osx-64/libtiff-4.3.0-hd146c10_2.tar.bz2#f83e9c7a6f2458e85a267df87cd57ca1
https://conda.anaconda.org/conda-forge/osx-64/llvm-tools-11.1.0-hd011deb_2.tar.bz2#16d68adf7c3ff06054231d65266a84a2
https://conda.anaconda.org/conda-forge/osx-64/orc-1.7.1-hf163092_0.tar.bz2#5735f8465b34a9d129d7b95908938f5b
https://conda.anaconda.org/conda-forge/osx-64/python-3.8.12-h17280f6_2_cpython.tar.bz2#bb51db91a60b2845e967083e6fa144d7
https://conda.anaconda.org/conda-forge/noarch/alabaster-0.7.12-py_0.tar.bz2#2489a97287f90176ecdc3ca982b4b0a0
https://conda.anaconda.org/conda-forge/noarch/appdirs-1.4.4-pyh9f0ad1d_0.tar.bz2#5f095bc6454094e96f146491fd03633b
https://conda.anaconda.org/conda-forge/noarch/async_generator-1.10-py_0.tar.bz2#d56c596e61b1c4952acf0a9920856c12
https://conda.anaconda.org/conda-forge/noarch/atpublic-2.3-pyhd8ed1ab_0.tar.bz2#babe0a1fce8267bb489a31e7dc3da79a
https://conda.anaconda.org/conda-forge/noarch/attrs-21.2.0-pyhd8ed1ab_0.tar.bz2#d2e1c7f388ac403df7079b411c37cc50
https://conda.anaconda.org/conda-forge/osx-64/aws-c-event-stream-0.2.7-h56c5c8d_31.tar.bz2#e593ff25b7e81197f70beb0124753bad
https://conda.anaconda.org/conda-forge/osx-64/aws-c-http-0.6.10-hdf22a2a_2.tar.bz2#d04823372a7d96652f879d51e09dca94
https://conda.anaconda.org/conda-forge/noarch/backcall-0.2.0-pyh9f0ad1d_0.tar.bz2#6006a6d08a3fa99268a2681c7fb55213
https://conda.anaconda.org/conda-forge/noarch/backports-1.0-py_2.tar.bz2#0da16b293affa6ac31812376f8eb79dd
https://conda.anaconda.org/conda-forge/noarch/cached_property-1.5.2-pyha770c72_1.tar.bz2#576d629e47797577ab0f1b351297ef4a
https://conda.anaconda.org/conda-forge/osx-64/cctools_osx-64-949.0.1-h6407bdd_21.tar.bz2#246255eca0f1299f2badc91ffb185173
https://conda.anaconda.org/conda-forge/noarch/charset-normalizer-2.0.8-pyhd8ed1ab_0.tar.bz2#7bc3465ff423c243bf8b2e77c5075bc7
https://conda.anaconda.org/conda-forge/osx-64/clang-11-11.1.0-default_he082bbe_1.tar.bz2#372838826abf84e6fd3afa62e22b2196
https://conda.anaconda.org/conda-forge/noarch/colorama-0.4.4-pyh9f0ad1d_0.tar.bz2#c08b4c1326b880ed44f3ffb04803332f
https://conda.anaconda.org/conda-forge/noarch/cycler-0.11.0-pyhd8ed1ab_0.tar.bz2#a50559fad0affdbb33729a68669ca1cb
https://conda.anaconda.org/conda-forge/noarch/dataclasses-0.8-pyhc8e2a94_3.tar.bz2#a362b2124b06aad102e2ee4581acee7d
https://conda.anaconda.org/conda-forge/noarch/decorator-5.1.0-pyhd8ed1ab_0.tar.bz2#71b13ba2e0efcff45646f05d619534b0
https://conda.anaconda.org/conda-forge/noarch/defusedxml-0.7.1-pyhd8ed1ab_0.tar.bz2#961b3a227b437d82ad7054484cfa71b2
https://conda.anaconda.org/conda-forge/noarch/dictdiffer-0.9.0-pyhd8ed1ab_0.tar.bz2#3cb49199274e7f4d457d8fa2b84dea52
https://conda.anaconda.org/conda-forge/noarch/diskcache-5.2.1-pyh44b312d_0.tar.bz2#c0370e0cc1dc8910947382f597199a4c
https://conda.anaconda.org/conda-forge/noarch/distro-1.6.0-pyhd8ed1ab_0.tar.bz2#751b2c62ee84dba7d9e1f9d50d41fb61
https://conda.anaconda.org/conda-forge/noarch/docopt-0.6.2-py_1.tar.bz2#a9ed63e45579cfef026a916af2bc27c9
https://conda.anaconda.org/conda-forge/noarch/filelock-3.4.0-pyhd8ed1ab_0.tar.bz2#caff9785491992b3250ed4048fe51e2c
https://conda.anaconda.org/conda-forge/osx-64/fontconfig-2.13.1-h10f422b_1005.tar.bz2#95d7756fee0926aa2b6d111299c173f7
https://conda.anaconda.org/conda-forge/noarch/fsspec-2021.8.1-pyhd8ed1ab_0.tar.bz2#c91815f86a9c2ed7525e9dc78fb189e4
https://conda.anaconda.org/conda-forge/noarch/funcy-1.16-pyhd8ed1ab_0.tar.bz2#03a5a9b67397ccf3cd2d4da0cacd68eb
https://conda.anaconda.org/conda-forge/osx-64/gdk-pixbuf-2.42.6-h2e6141f_0.tar.bz2#be5dd0a4ffc76407baa987e0d99d6c97
https://conda.anaconda.org/conda-forge/noarch/idna-3.1-pyhd3deb0d_0.tar.bz2#9c9aea4b8391264477df484f798562d0
https://conda.anaconda.org/conda-forge/noarch/imagesize-1.3.0-pyhd8ed1ab_0.tar.bz2#be807e7606fff9436e5e700f6bffb7c6
https://conda.anaconda.org/conda-forge/noarch/ipython_genutils-0.2.0-py_1.tar.bz2#5071c982548b3a20caf70462f04f5287
https://conda.anaconda.org/conda-forge/noarch/jmespath-0.10.0-pyh9f0ad1d_0.tar.bz2#5988f73e79824c7900954539fbfad3fa
https://conda.anaconda.org/conda-forge/noarch/json5-0.9.5-pyh9f0ad1d_0.tar.bz2#10759827a94e6b14996e81fb002c0bda
https://conda.anaconda.org/conda-forge/osx-64/lcms2-2.12-h577c468_0.tar.bz2#abce77b852b73670e85e104746b0ea1b
https://conda.anaconda.org/conda-forge/osx-64/ld64-530-hd2e7500_21.tar.bz2#7fbdf322511fe28106ce304cf500b2e7
https://conda.anaconda.org/conda-forge/osx-64/libblas-3.9.0-12_osx64_openblas.tar.bz2#3d38a706f06849a4b08f8a3f642bec93
https://conda.anaconda.org/conda-forge/osx-64/libcurl-7.80.0-hf45b732_0.tar.bz2#7392331a2824bfd4304d810f88d435f9
https://conda.anaconda.org/conda-forge/osx-64/libwebp-1.2.1-h28dabe5_0.tar.bz2#2617773cd4b8e37efec571f2bf93e646
https://conda.anaconda.org/conda-forge/noarch/mailchecker-4.1.0-pyhd8ed1ab_0.tar.bz2#77473caafc2864f5d866550ad7678f66
https://conda.anaconda.org/conda-forge/noarch/mccabe-0.6.1-py_1.tar.bz2#a326cb400c1ccd91789f3e7d02124d61
https://conda.anaconda.org/conda-forge/noarch/munkres-1.1.4-pyh9f0ad1d_0.tar.bz2#2ba8498c1018c1e9c61eb99b973dfe19
https://conda.anaconda.org/conda-forge/noarch/nanotime-0.5.2-py_0.tar.bz2#01a44d917e6ddbe9b8873b2f81d45971
https://conda.anaconda.org/conda-forge/noarch/nest-asyncio-1.5.1-pyhd8ed1ab_0.tar.bz2#47a51a5b8f9cc41004c8d7bd88b62447
https://conda.anaconda.org/conda-forge/noarch/olefile-0.46-pyh9f0ad1d_1.tar.bz2#0b2e68acc8c78c8cc392b90983481f58
https://conda.anaconda.org/conda-forge/osx-64/openjpeg-2.4.0-h6e7aa92_1.tar.bz2#c8cbb6d99f6467246ac26a139256e50f
https://conda.anaconda.org/conda-forge/noarch/pandocfilters-1.5.0-pyhd8ed1ab_0.tar.bz2#457c2c8c08e54905d6954e79cb5b5db9
https://conda.anaconda.org/conda-forge/noarch/parso-0.8.2-pyhd8ed1ab_0.tar.bz2#fb40b157bd62b457a1cc82527b63f0b0
https://conda.anaconda.org/conda-forge/noarch/pathspec-0.8.1-pyhd3deb0d_0.tar.bz2#fcd2fbb062b55d14a77e664c89ee17a6
https://conda.anaconda.org/conda-forge/noarch/phonenumbers-8.12.37-pyhd8ed1ab_0.tar.bz2#989450cc82069125cb4c0a7f919eff1b
https://conda.anaconda.org/conda-forge/noarch/ply-3.11-py_1.tar.bz2#7205635cd71531943440fbfe3b6b5727
https://conda.anaconda.org/conda-forge/noarch/prometheus_client-0.12.0-pyhd8ed1ab_0.tar.bz2#d7b366cccdf2c1e8ebdddbfff7c2ba00
https://conda.anaconda.org/conda-forge/noarch/ptyprocess-0.7.0-pyhd3deb0d_0.tar.bz2#359eeb6536da0e687af562ed265ec263
https://conda.anaconda.org/conda-forge/noarch/pyasn1-0.4.8-py_0.tar.bz2#06d04c9f8f72ac77911db942eda24fb9
https://conda.anaconda.org/conda-forge/noarch/pycodestyle-2.8.0-pyhd8ed1ab_0.tar.bz2#f2532eee272d45b1283ea4869d71f044
https://conda.anaconda.org/conda-forge/noarch/pycparser-2.21-pyhd8ed1ab_0.tar.bz2#076becd9e05608f8dc72757d5f3a91ff
https://conda.anaconda.org/conda-forge/noarch/pyflakes-2.4.0-pyhd8ed1ab_0.tar.bz2#1aa3ecd37d0694e2ea5fef48da75371e
https://conda.anaconda.org/conda-forge/noarch/pygtrie-2.4.2-pyhd3deb0d_0.tar.bz2#d62c3bd638993ed9300648fd7adaeb80
https://conda.anaconda.org/conda-forge/noarch/pyparsing-2.4.7-pyhd8ed1ab_1.tar.bz2#49cdb8bb03aab9dd1e9e1b30ee2e970c
https://conda.anaconda.org/conda-forge/osx-64/python_abi-3.8-2_cp38.tar.bz2#156803acb0247c263c9586f190b72f1c
https://conda.anaconda.org/conda-forge/noarch/pytz-2021.3-pyhd8ed1ab_0.tar.bz2#7e4f811bff46a5a6a7e0094921389395
https://conda.anaconda.org/conda-forge/noarch/send2trash-1.8.0-pyhd8ed1ab_0.tar.bz2#edab14119efe85c3bf131ad747e9005c
https://conda.anaconda.org/conda-forge/noarch/shtab-1.5.1-pyhd8ed1ab_0.tar.bz2#3b145189151e97839fe04d7d41199846
https://conda.anaconda.org/conda-forge/noarch/six-1.16.0-pyh6c4a22f_0.tar.bz2#e5f25f8dbc060e9a8d912e432202afc2
https://conda.anaconda.org/conda-forge/noarch/smmap-3.0.5-pyh44b312d_0.tar.bz2#3a8dc70789709aa315325d5df06fb7e4
https://conda.anaconda.org/conda-forge/noarch/snowballstemmer-2.2.0-pyhd8ed1ab_0.tar.bz2#4d22a9315e78c6827f806065957d566e
https://conda.anaconda.org/conda-forge/noarch/soupsieve-2.3-pyhd8ed1ab_0.tar.bz2#307ab6487e2d45d59a27baf949466db4
https://conda.anaconda.org/conda-forge/noarch/sphinxcontrib-applehelp-1.0.2-py_0.tar.bz2#20b2eaeaeea4ef9a9a0d99770620fd09
https://conda.anaconda.org/conda-forge/noarch/sphinxcontrib-devhelp-1.0.2-py_0.tar.bz2#68e01cac9d38d0e717cd5c87bc3d2cc9
https://conda.anaconda.org/conda-forge/noarch/sphinxcontrib-htmlhelp-2.0.0-pyhd8ed1ab_0.tar.bz2#77dad82eb9c8c1525ff7953e0756d708
https://conda.anaconda.org/conda-forge/noarch/sphinxcontrib-jsmath-1.0.1-py_0.tar.bz2#67cd9d9c0382d37479b4d306c369a2d4
https://conda.anaconda.org/conda-forge/noarch/sphinxcontrib-qthelp-1.0.3-py_0.tar.bz2#d01180388e6d1838c3e1ad029590aa7a
https://conda.anaconda.org/conda-forge/noarch/tabulate-0.8.9-pyhd8ed1ab_0.tar.bz2#ee657dbe69e892aeccde7cabb4edf261
https://conda.anaconda.org/conda-forge/noarch/testpath-0.5.0-pyhd8ed1ab_0.tar.bz2#53b57d6a468bebc7cef1253b177a5e9e
https://conda.anaconda.org/conda-forge/noarch/text-unidecode-1.3-py_0.tar.bz2#afcf07cba949f797ac96c5e13e745cc7
https://conda.anaconda.org/conda-forge/noarch/texttable-1.6.4-pyhd8ed1ab_0.tar.bz2#dd608d276c94f82f9107995a90686133
https://conda.anaconda.org/conda-forge/noarch/toml-0.10.2-pyhd8ed1ab_0.tar.bz2#f832c45a477c78bebd107098db465095
https://conda.anaconda.org/conda-forge/noarch/tomli-1.2.2-pyhd8ed1ab_0.tar.bz2#1c8a2f9ea18c267414e244cee668cd00
https://conda.anaconda.org/conda-forge/noarch/traitlets-5.1.1-pyhd8ed1ab_0.tar.bz2#a1bc9765ef9499760e88f568b3a6622c
https://conda.anaconda.org/conda-forge/noarch/typing_extensions-3.10.0.2-pyha770c72_0.tar.bz2#85dfd487a244bbe2cf7019ce8a39b5bc
https://conda.anaconda.org/conda-forge/noarch/unidecode-1.3.2-pyhd8ed1ab_0.tar.bz2#c26689c4b5cec59f49d35b87205e8b37
https://conda.anaconda.org/conda-forge/noarch/voluptuous-0.12.2-pyhd8ed1ab_1.tar.bz2#9e70aeddf5aa089ad6bb98e5ff5af6d4
https://conda.anaconda.org/conda-forge/noarch/webencodings-0.5.1-py_1.tar.bz2#3563be4c5611a44210d9ba0c16113136
https://conda.anaconda.org/conda-forge/noarch/wheel-0.37.0-pyhd8ed1ab_1.tar.bz2#3aa2c3e25dd361b453d010388b9cdff1
https://conda.anaconda.org/conda-forge/noarch/xmltodict-0.12.0-py_0.tar.bz2#5f9715657f780b73fc3118ff9efd8562
https://conda.anaconda.org/conda-forge/noarch/zipp-3.6.0-pyhd8ed1ab_0.tar.bz2#855e2c4622f5eb50a4f6f7167b9ba17a
https://conda.anaconda.org/conda-forge/noarch/aioitertools-0.8.0-pyhd8ed1ab_0.tar.bz2#9b6ecc5db72324277f8469e4ccab7f50
https://conda.anaconda.org/conda-forge/osx-64/appnope-0.1.2-py38h50d1736_2.tar.bz2#4dea050b3a423d4944c5ae0fc5a00718
https://conda.anaconda.org/conda-forge/osx-64/aws-c-auth-0.6.7-h2471cb9_0.tar.bz2#cdc78e15441fc1675b2f05c8dc26fc71
https://conda.anaconda.org/conda-forge/osx-64/aws-c-mqtt-0.7.9-h6b7c45d_0.tar.bz2#f628b856f8cad07c05faeb4e92093b2c
https://conda.anaconda.org/conda-forge/noarch/babel-2.9.1-pyh44b312d_0.tar.bz2#74136ed39bfea0832d338df1e58d013e
https://conda.anaconda.org/conda-forge/noarch/beautifulsoup4-4.10.0-pyha770c72_0.tar.bz2#c29e0b4a2ff546cedbe6dc2921948a1d
https://conda.anaconda.org/conda-forge/noarch/cached-property-1.5.2-hd8ed1ab_1.tar.bz2#9b347a7ec10940d3f7941ff6c460b551
https://conda.anaconda.org/conda-forge/osx-64/cairo-1.16.0-he01c77b_1009.tar.bz2#411a2d76183a0ec4dbbdae034ac5bde4
https://conda.anaconda.org/conda-forge/osx-64/cctools-949.0.1-hd9211c8_21.tar.bz2#ded83662d413c394fa839bd6898dda74
https://conda.anaconda.org/conda-forge/osx-64/certifi-2021.10.8-py38h50d1736_1.tar.bz2#c45ff53e0b329fe61b3f0cfdd37fa0fa
https://conda.anaconda.org/conda-forge/osx-64/cffi-1.15.0-py38h1a44b6c_0.tar.bz2#3ec046bfb079a655aeba431cc7371ab7
https://conda.anaconda.org/conda-forge/osx-64/clang-11.1.0-h694c41f_1.tar.bz2#a0ed699033e22df5a346780e1e8acd02
https://conda.anaconda.org/conda-forge/osx-64/click-8.0.3-py38h50d1736_1.tar.bz2#0389d42946b97ec75a2424b2e77c314b
https://conda.anaconda.org/conda-forge/noarch/configobj-5.0.6-py_0.tar.bz2#e46ba874295e2eda5593650895777913
https://conda.anaconda.org/conda-forge/osx-64/debugpy-1.5.1-py38ha048514_0.tar.bz2#620c77c2403845e86d7f9737147e7546
https://conda.anaconda.org/conda-forge/osx-64/docutils-0.17.1-py38h50d1736_1.tar.bz2#ef23351acf6e5bbfc45682edb9ac5166
https://conda.anaconda.org/conda-forge/osx-64/dpath-2.0.5-py38h50d1736_1.tar.bz2#bd64ac2db20487781b04879b60a9705a
https://conda.anaconda.org/conda-forge/osx-64/entrypoints-0.3-py38h32f6830_1002.tar.bz2#9c7780ba3fe9fd2c15ea2830705de3a2
https://conda.anaconda.org/conda-forge/noarch/flufl.lock-3.2-pyhd8ed1ab_1.tar.bz2#b688ebe20601b2a37e09c32590f88e10
https://conda.anaconda.org/conda-forge/osx-64/frozenlist-1.2.0-py38h96a0964_1.tar.bz2#5dfa087f8858e9c1d39f3e0957f900cf
https://conda.anaconda.org/conda-forge/osx-64/future-0.18.2-py38h50d1736_4.tar.bz2#5b396a596d8cebcd192ca1f660bb524d
https://conda.anaconda.org/conda-forge/noarch/gitdb-4.0.9-pyhd8ed1ab_0.tar.bz2#40fc6b14a45dee3a3fd9f302d026108e
https://conda.anaconda.org/conda-forge/osx-64/importlib-metadata-4.2.0-py38h50d1736_0.tar.bz2#7bc424de3c95f69a30ba2d700eb70de1
https://conda.anaconda.org/conda-forge/noarch/importlib_resources-5.4.0-pyhd8ed1ab_0.tar.bz2#9fb134dbabe7851a9d71411064b2c30d
https://conda.anaconda.org/conda-forge/osx-64/jedi-0.18.1-py38h50d1736_0.tar.bz2#a8721aee27f36b346a2c7f1854df51a8
https://conda.anaconda.org/conda-forge/osx-64/jupyter_core-4.9.1-py38h50d1736_1.tar.bz2#de93889b20a6d255c6773e0fa665a32d
https://conda.anaconda.org/conda-forge/osx-64/kiwisolver-1.3.2-py38h12bbefe_1.tar.bz2#91e9cf68d537e46389637490a180a997
https://conda.anaconda.org/conda-forge/noarch/latexcodec-2.0.1-pyh9f0ad1d_0.tar.bz2#8d67904973263afd2985ba56aa2d6bb4
https://conda.anaconda.org/conda-forge/osx-64/libcblas-3.9.0-12_osx64_openblas.tar.bz2#0cb9afc4cfdc6e95aa38328fc1befa05
https://conda.anaconda.org/conda-forge/osx-64/libgd-2.3.3-hb8742e1_1.tar.bz2#aa4407f195247766dde1d97242735350
https://conda.anaconda.org/conda-forge/osx-64/liblapack-3.9.0-12_osx64_openblas.tar.bz2#ca35c8b85ced3a53059c7a001518cbae
https://conda.anaconda.org/conda-forge/noarch/markdown-it-py-1.1.0-pyhd8ed1ab_0.tar.bz2#84e8dfb1a9e6a824f32fd45b867271ca
https://conda.anaconda.org/conda-forge/osx-64/markupsafe-2.0.1-py38h96a0964_1.tar.bz2#a59c3faacc9e46aa672bc1d82231b047
https://conda.anaconda.org/conda-forge/noarch/matplotlib-inline-0.1.3-pyhd8ed1ab_0.tar.bz2#be3bfd435802d2c768c6b2439f325f3d
https://conda.anaconda.org/conda-forge/osx-64/mistune-0.8.4-py38h96a0964_1005.tar.bz2#a14d167114e875843dde8171e2f67dac
https://conda.anaconda.org/conda-forge/osx-64/multidict-5.2.0-py38h96a0964_1.tar.bz2#7ee0bc892dd8878d6d90fa3de9e7e37c
https://conda.anaconda.org/conda-forge/noarch/packaging-21.3-pyhd8ed1ab_0.tar.bz2#71f1ab2de48613876becddd496371c85
https://conda.anaconda.org/conda-forge/osx-64/pathlib2-2.3.6-py38h50d1736_1.tar.bz2#56aafb6d7f5ea8083949820a93292cc5
https://conda.anaconda.org/conda-forge/osx-64/pep517-0.12.0-py38h50d1736_1.tar.bz2#bb2245db84f51e1a9204378709e86927
https://conda.anaconda.org/conda-forge/osx-64/pexpect-4.8.0-py38h32f6830_1.tar.bz2#07ca6ed2e07c8e8fae33a9d08ae245a4
https://conda.anaconda.org/conda-forge/osx-64/pickleshare-0.7.5-py38h32f6830_1002.tar.bz2#33251ce80cb0e912b3576408f238caaf
https://conda.anaconda.org/conda-forge/osx-64/pillow-8.4.0-py38hee640a0_0.tar.bz2#3b1df22f8bfbcf443cc1523f5988a3e4
https://conda.anaconda.org/conda-forge/osx-64/psutil-5.8.0-py38h96a0964_2.tar.bz2#be5aebb022e96bfd957cb46f7e623edf
https://conda.anaconda.org/conda-forge/osx-64/pyrsistent-0.18.0-py38h96a0964_0.tar.bz2#b5a1516cbe770e4f506506d46dc47954
https://conda.anaconda.org/conda-forge/osx-64/pysocks-1.7.1-py38h50d1736_4.tar.bz2#370661c5f32664ba6b9725647f2b3b15
https://conda.anaconda.org/conda-forge/noarch/python-dateutil-2.8.2-pyhd8ed1ab_0.tar.bz2#dd999d1cc9f79e67dbb855c8924c7984
https://conda.anaconda.org/conda-forge/noarch/python-slugify-5.0.2-pyhd8ed1ab_0.tar.bz2#b2ffe26ee75064d51a5127fd22e5f78e
https://conda.anaconda.org/conda-forge/osx-64/pyyaml-6.0-py38h96a0964_3.tar.bz2#7b052800b7fd4159459c3c025710fce1
https://conda.anaconda.org/conda-forge/osx-64/pyzmq-22.3.0-py38hd3b92b6_1.tar.bz2#52ded1178ce8903605cf359c2a6d9533
https://conda.anaconda.org/conda-forge/osx-64/ruamel.yaml.clib-0.2.6-py38h96a0964_0.tar.bz2#a0777c82f076d0d7449081ef7b13697f
https://conda.anaconda.org/conda-forge/osx-64/setuptools-59.2.0-py38h50d1736_0.tar.bz2#9a0716821c1f2985178f75f9cc7b8512
https://conda.anaconda.org/conda-forge/osx-64/shortuuid-1.0.8-py38h50d1736_0.tar.bz2#6abd206c66e2176d819ac0ad57266569
https://conda.anaconda.org/conda-forge/osx-64/sniffio-1.2.0-py38h50d1736_2.tar.bz2#277b68dd967a8f76ca278418a0945d38
https://conda.anaconda.org/conda-forge/osx-64/tornado-6.1-py38h96a0964_2.tar.bz2#b0d3b8b55486dfd64167129b439e3959
https://conda.anaconda.org/conda-forge/noarch/tqdm-4.62.3-pyhd8ed1ab_0.tar.bz2#24ed42db084efd6e615babec03c2b460
https://conda.anaconda.org/conda-forge/noarch/typing-extensions-3.10.0.2-hd8ed1ab_0.tar.bz2#786c3b0de977da13146a2eaaa091ac46
https://conda.anaconda.org/conda-forge/osx-64/unicodedata2-13.0.0.post2-py38h96a0964_4.tar.bz2#64b7aeb3ab58523c7ea694e508baaa02
https://conda.anaconda.org/conda-forge/osx-64/websocket-client-1.2.1-py38h50d1736_0.tar.bz2#90ec9a90c9025fb4a67dce9bacbdbaf0
https://conda.anaconda.org/conda-forge/osx-64/wrapt-1.13.3-py38h96a0964_1.tar.bz2#f7be2dc5f9cf5b85c06003012b502ce1
https://conda.anaconda.org/conda-forge/noarch/aiosignal-1.2.0-pyhd8ed1ab_0.tar.bz2#68c9a0ab410c72abd24cbaac57703519
https://conda.anaconda.org/conda-forge/osx-64/anyio-3.4.0-py38h50d1736_0.tar.bz2#b83c0498a8d37894469b59a04850fa05
https://conda.anaconda.org/conda-forge/osx-64/argon2-cffi-21.1.0-py38h96a0964_2.tar.bz2#abb5bf3d2bef783f4d241b068746c818
https://conda.anaconda.org/conda-forge/osx-64/arpack-3.7.0-hefb7bc6_2.tar.bz2#9d5a86841fa68d17f7129707af11136a
https://conda.anaconda.org/conda-forge/noarch/async-timeout-4.0.1-pyhd8ed1ab_0.tar.bz2#0b3430f651d145b470464c268282b997
https://conda.anaconda.org/conda-forge/osx-64/aws-c-s3-0.1.27-h5f0ce13_11.tar.bz2#891e8656f8a9e2027769f14ba87cc5a7
https://conda.anaconda.org/conda-forge/noarch/backports.functools_lru_cache-1.6.4-pyhd8ed1ab_0.tar.bz2#c5b3edc62d6309088f4970b3eaaa65a6
https://conda.anaconda.org/conda-forge/noarch/bleach-4.1.0-pyhd8ed1ab_0.tar.bz2#4a2104c7b22c222bd0fe03aaef12862c
https://conda.anaconda.org/conda-forge/osx-64/brotlipy-0.7.0-py38h96a0964_1003.tar.bz2#3346798a1556f3d196147b33bc8c3651
https://conda.anaconda.org/conda-forge/osx-64/clangxx-11.1.0-default_he082bbe_1.tar.bz2#75c1f03d0c539160c9483a7510a2e2d5
https://conda.anaconda.org/conda-forge/noarch/click-default-group-1.2.2-pyhd8ed1ab_1.tar.bz2#72a46ffc25701c173932fd55cf0965d3
https://conda.anaconda.org/conda-forge/noarch/commonmark-0.9.1-py_0.tar.bz2#6aa0173c14befcd577ded130cf6f22f5
https://conda.anaconda.org/conda-forge/osx-64/cryptography-36.0.0-py38h56c4533_0.tar.bz2#3c7d02e79e028d9b50875f0af5b19d72
https://conda.anaconda.org/conda-forge/noarch/flake8-4.0.1-pyhd8ed1ab_1.tar.bz2#ebcd260142f408f587dafc01170a32f2
https://conda.anaconda.org/conda-forge/noarch/flatten-dict-0.4.2-pyhd8ed1ab_1.tar.bz2#ccfb30b92adfeb283d4dcae3d0b6441b
https://conda.anaconda.org/conda-forge/osx-64/fonttools-4.28.2-py38h96a0964_0.tar.bz2#0eb76d2d917a5af48cabbff6aa6e0c8b
https://conda.anaconda.org/conda-forge/noarch/gitpython-3.1.24-pyhd8ed1ab_0.tar.bz2#38b9853bd2dddbfbe1a0f57c5587b667
https://conda.anaconda.org/conda-forge/noarch/grandalf-0.6-py_0.tar.bz2#33a7fcc81d04a950f06cd261b5d61fd2
https://conda.anaconda.org/conda-forge/osx-64/harfbuzz-3.1.1-h447b35c_1.tar.bz2#28f12fcd8333e5b6759f5ea31dfe9af6
https://conda.anaconda.org/conda-forge/noarch/jinja2-3.0.3-pyhd8ed1ab_0.tar.bz2#036d872c653780cb26e797e2e2f61b4c
https://conda.anaconda.org/conda-forge/noarch/jsonschema-4.2.1-pyhd8ed1ab_0.tar.bz2#0a4d10a794fc48016d8d0453365180ad
https://conda.anaconda.org/conda-forge/noarch/jupyter_client-7.1.0-pyhd8ed1ab_0.tar.bz2#c1460cc25b6a86d1b66ab6c3c471b791
https://conda.anaconda.org/conda-forge/noarch/mdit-py-plugins-0.2.8-pyhd8ed1ab_0.tar.bz2#49236fcd746a124eb56d326f79e1d46d
https://conda.anaconda.org/conda-forge/osx-64/numpy-1.21.4-py38h49b9922_0.tar.bz2#e363988333df6b4eca5c1088a0083813
https://conda.anaconda.org/conda-forge/noarch/pip-21.3.1-pyhd8ed1ab_0.tar.bz2#e4fe2a9af78ff11f1aced7e62128c6a8
https://conda.anaconda.org/conda-forge/osx-64/pybtex-0.24.0-py38h50d1736_1.tar.bz2#0adc84d9348436348e8317187f1b6e74
https://conda.anaconda.org/conda-forge/osx-64/pydantic-1.8.2-py38h96a0964_2.tar.bz2#1430295de4d0ca36dc122e3082711ff7
https://conda.anaconda.org/conda-forge/osx-64/pygit2-1.7.1-py38h96a0964_0.tar.bz2#0382b1fa3a3bb2a4e9e615eb3f2945fe
https://conda.anaconda.org/conda-forge/noarch/pygments-2.10.0-pyhd8ed1ab_0.tar.bz2#32bcce837f1316f1c3208118b6c5e5fc
https://conda.anaconda.org/conda-forge/osx-64/ruamel.yaml-0.17.17-py38h96a0964_1.tar.bz2#e7b03dd7d4b1064a1e996f486d88197d
https://conda.anaconda.org/conda-forge/osx-64/suitesparse-5.10.1-h7aff33d_1.tar.bz2#d30185298e8ba70c8bc17121f837730d
https://conda.anaconda.org/conda-forge/osx-64/terminado-0.12.1-py38h50d1736_1.tar.bz2#0fcebde856ffb367b4a9e7c6e3d3ab3c
https://conda.anaconda.org/conda-forge/osx-64/yarl-1.7.2-py38h96a0964_1.tar.bz2#5db895a90935abdae7615a6580550470
https://conda.anaconda.org/conda-forge/noarch/zc.lockfile-2.0-py_0.tar.bz2#7a74aa2ef90a78fd66d95ef2d894e562
https://conda.anaconda.org/conda-forge/osx-64/aiohttp-3.8.1-py38h96a0964_0.tar.bz2#514b90bac69ec02a02c886d3d21fb04c
https://conda.anaconda.org/conda-forge/osx-64/aws-crt-cpp-0.17.8-hb5f1c77_1.tar.bz2#e374162e14134aeb02fbedaeb4c86ad9
https://conda.anaconda.org/conda-forge/noarch/compiler-rt_osx-64-11.1.0-h8c5fa43_0.tar.bz2#fb3f165a363d3ca0ceeffd4ccca3244f
https://conda.anaconda.org/conda-forge/noarch/jupyterlab_pygments-0.1.2-pyh9f0ad1d_0.tar.bz2#2cbd910890bb328e8959246a1e16fac7
https://conda.anaconda.org/conda-forge/osx-64/matplotlib-base-3.5.0-py38hc7d2367_0.tar.bz2#d77e5725f806a2e4bd395af8bebe74c4
https://conda.anaconda.org/conda-forge/noarch/nbformat-5.1.3-pyhd8ed1ab_0.tar.bz2#bafa5df6d4f8db69a4d197b4657127e7
https://conda.anaconda.org/conda-forge/osx-64/pandas-1.3.4-py38ha53d530_1.tar.bz2#98675e6d1f1f54ec523faf627c3faf29
https://conda.anaconda.org/conda-forge/osx-64/pango-1.48.10-h056538c_2.tar.bz2#223f4846f40a8c14467bddb24f652985
https://conda.anaconda.org/conda-forge/noarch/pip-tools-6.4.0-pyhd8ed1ab_0.tar.bz2#5da1f813b0cb11d9560b1331c13688f1
https://conda.anaconda.org/conda-forge/osx-64/pybtex-docutils-1.0.1-py38h50d1736_1.tar.bz2#ca75211031132cfa1ca37dacbf01c5b0
https://conda.anaconda.org/conda-forge/noarch/pyopenssl-21.0.0-pyhd8ed1ab_0.tar.bz2#8c49efecb7dca466e18b06015e8c88ce
https://conda.anaconda.org/conda-forge/osx-64/python-igraph-0.9.8-py38h3dab7cd_2.tar.bz2#26226e470858b19009374380a28462dc
https://conda.anaconda.org/conda-forge/osx-64/rich-10.14.0-py38h50d1736_1.tar.bz2#1f404270276f7fc68be99c3665dd81e7
https://conda.anaconda.org/conda-forge/osx-64/scipy-1.7.3-py38hd329d04_0.tar.bz2#af7276c25cf85408e7ac9582e9f5ca1e
https://conda.anaconda.org/conda-forge/noarch/wcwidth-0.2.5-pyh9f0ad1d_2.tar.bz2#5266fcd697043c59621fda522b3d78ee
https://conda.anaconda.org/conda-forge/noarch/aiohttp-retry-2.4.5-pyhd8ed1ab_0.tar.bz2#427113e362daf188e00280063c97654d
https://conda.anaconda.org/conda-forge/osx-64/aws-sdk-cpp-1.9.148-h896eb58_0.tar.bz2#864e25693a11bc6d786a00fa6bdf2dcd
https://conda.anaconda.org/conda-forge/osx-64/compiler-rt-11.1.0-h654b07c_0.tar.bz2#1ec4ff5ed3535060da79f923235ddb60
https://conda.anaconda.org/conda-forge/noarch/ftfy-6.0.3-pyhd8ed1ab_0.tar.bz2#137b1d09e852acd217840a7177d3669b
https://conda.anaconda.org/conda-forge/osx-64/gtk2-2.24.33-h675d97a_1.tar.bz2#5042a5243c79120f5970ddf050e60bb4
https://conda.anaconda.org/conda-forge/noarch/jupytext-1.13.1-pyh6002c4b_0.tar.bz2#cb71a5e711a138e03f5a3d51a4db0ad9
https://conda.anaconda.org/conda-forge/osx-64/librsvg-2.52.4-h02b643e_0.tar.bz2#43361a5f075fafd34fe3f2eec7d2885a
https://conda.anaconda.org/conda-forge/noarch/nbclient-0.5.9-pyhd8ed1ab_0.tar.bz2#21554dd9bbabff27ae87f715fee4d56c
https://conda.anaconda.org/conda-forge/noarch/networkx-2.6.3-pyhd8ed1ab_1.tar.bz2#4028eff5a1d3deed58c98774e7aa9891
https://conda.anaconda.org/conda-forge/noarch/patsy-0.5.2-pyhd8ed1ab_0.tar.bz2#2e4e8be763551f60bbfcc22b650e5d49
https://conda.anaconda.org/conda-forge/noarch/prompt-toolkit-3.0.22-pyha770c72_0.tar.bz2#a749a230f0d950eae1dedf13ff344b15
https://conda.anaconda.org/conda-forge/noarch/seaborn-base-0.11.2-pyhd8ed1ab_0.tar.bz2#fe2303dc8f1febeb82d927ce8ad153ed
https://conda.anaconda.org/conda-forge/noarch/urllib3-1.26.7-pyhd8ed1ab_0.tar.bz2#be75bab4820a56f77ba1a3fc9139c36a
https://conda.anaconda.org/conda-forge/osx-64/arrow-cpp-6.0.1-py38h1bfc8f2_2_cpu.tar.bz2#de450c0d733da89c047ad3945ecad6b3
https://conda.anaconda.org/conda-forge/noarch/botocore-1.20.106-pyhd8ed1ab_0.tar.bz2#06a18a9dd3be807885ea2b3d83b12003
https://conda.anaconda.org/conda-forge/osx-64/clang_osx-64-11.1.0-hb91bd55_4.tar.bz2#985ec3a45abdc66ba6162723b7364c15
https://conda.anaconda.org/conda-forge/osx-64/dulwich-0.20.26-py38h96a0964_1.tar.bz2#3a7d5c9f864c163a4d7f881c49c3c078
https://conda.anaconda.org/conda-forge/osx-64/graphviz-2.49.3-h77de9ca_0.tar.bz2#52301d7f8cff81dff9507b71fa247309
https://conda.anaconda.org/conda-forge/osx-64/ipython-7.29.0-py38h5fd9f69_2.tar.bz2#577e69eaff65344d11f8b75e916eac90
https://conda.anaconda.org/conda-forge/osx-64/nbconvert-6.3.0-py38h50d1736_1.tar.bz2#9f5a8238b97dc72c73e9126103aac5a5
https://conda.anaconda.org/conda-forge/noarch/requests-2.26.0-pyhd8ed1ab_1.tar.bz2#358581cc782802270d77c454c73a811a
https://conda.anaconda.org/conda-forge/osx-64/statsmodels-0.13.1-py38hbe852b5_0.tar.bz2#84ba40f8167640c641220107f6f60045
https://conda.anaconda.org/conda-forge/noarch/aiobotocore-1.4.0-pyhd8ed1ab_0.tar.bz2#5c980c71a56f7a69ecdaed65c0a0dbf8
https://conda.anaconda.org/conda-forge/osx-64/c-compiler-1.3.0-h0d85af4_0.tar.bz2#15f39e9c172fd6304c253a28ec4d0efe
https://conda.anaconda.org/conda-forge/noarch/ensureconda-1.4.1-pyhd8ed1ab_0.tar.bz2#52a7f7cc9076e2c8a25e15e19ad42821
https://conda.anaconda.org/conda-forge/osx-64/ipykernel-6.5.0-py38h5fd9f69_1.tar.bz2#5265cfc0ba176395b31a03a2b3c52480
https://conda.anaconda.org/conda-forge/noarch/jupyter_server-1.12.0-pyhd8ed1ab_0.tar.bz2#a83f25910a80a6b0a0204fa7537f4dbb
https://conda.anaconda.org/conda-forge/osx-64/parquet-cpp-1.5.1-1.tar.bz2#cb0f604c9add56442f6cfdc76f1fec24
https://conda.anaconda.org/conda-forge/osx-64/pydot-1.4.2-py38h50d1736_1.tar.bz2#501b7003457f785ff5f2a32ff5fb1c91
https://conda.anaconda.org/conda-forge/noarch/python-fsutil-0.5.0-pyhd8ed1ab_0.tar.bz2#a903f29518b0318aadbf520c3b991315
https://conda.anaconda.org/conda-forge/noarch/s3transfer-0.4.2-pyhd8ed1ab_0.tar.bz2#e86b8df55baf33ae2165139ccc80ad73
https://conda.anaconda.org/conda-forge/noarch/seaborn-0.11.2-hd8ed1ab_0.tar.bz2#e56b6a19f4b717eca7c68ad78196b075
https://conda.anaconda.org/conda-forge/noarch/boto3-1.17.106-pyhd8ed1ab_0.tar.bz2#10bb5b5f1720bd05bbb9aef0d94f92a1
https://conda.anaconda.org/conda-forge/noarch/conda-lock-0.13.1-pyhd8ed1ab_0.tar.bz2#2e3e581b9c7d493191d08ed88c18f7c0
https://conda.anaconda.org/conda-forge/noarch/jupyterlab_server-2.8.2-pyhd8ed1ab_0.tar.bz2#c7891bb53fbb3911f4b526533314d63b
https://conda.anaconda.org/conda-forge/noarch/notebook-6.4.6-pyha770c72_0.tar.bz2#7cfadac6d22f2a542b1126311102aea7
https://conda.anaconda.org/conda-forge/osx-64/pyarrow-6.0.1-py38h2688f9d_2_cpu.tar.bz2#e08a45b4a1ab30c32030ddd57b514ab2
https://conda.anaconda.org/conda-forge/noarch/python-benedict-0.24.3-pyhd8ed1ab_0.tar.bz2#102e8b853822b0b7210575c7ea47d91e
https://conda.anaconda.org/conda-forge/noarch/s3fs-2021.8.1-pyhd8ed1ab_0.tar.bz2#c767b2c6110e98bf66e19688978ab757
https://conda.anaconda.org/conda-forge/osx-64/dvc-2.7.4-py38h50d1736_0.tar.bz2#6372fce11dc150ce68e2016a772f7694
https://conda.anaconda.org/conda-forge/noarch/nbclassic-0.3.4-pyhd8ed1ab_0.tar.bz2#e21efe42d229d4b8a42ae4aa08ac4198
https://conda.anaconda.org/conda-forge/osx-64/dvc-s3-2.7.4-py38h50d1736_0.tar.bz2#047cd0f03636abba5956efc3f0d36135
https://conda.anaconda.org/conda-forge/noarch/jupyterlab-3.2.4-pyhd8ed1ab_0.tar.bz2#92373294f16b84cbcd860c987a60e7cf
https://conda.anaconda.org/conda-forge/noarch/myst-parser-0.15.2-pyhd8ed1ab_0.tar.bz2#0c2976e0a1af80ce224388da557eeece
https://conda.anaconda.org/conda-forge/noarch/sphinx-4.3.0-pyh6c4a22f_0.tar.bz2#64ff0623f1e402ec05ab269e9521e602
https://conda.anaconda.org/conda-forge/noarch/sphinx-inline-tabs-2021.8.17b10-pyhd8ed1ab_0.tar.bz2#1c2e2ed4296a795f115ceb07d7cd101f
https://conda.anaconda.org/conda-forge/noarch/sphinxcontrib-bibtex-2.4.1-pyhd8ed1ab_0.tar.bz2#25db75d045a54220a0a6759ed79c7d9b
https://conda.anaconda.org/conda-forge/noarch/sphinxcontrib-serializinghtml-1.1.5-pyhd8ed1ab_1.tar.bz2#63d2f874f990fdcab47c822b608d6ade
https://conda.anaconda.org/conda-forge/noarch/furo-2021.10.9-pyhd8ed1ab_0.tar.bz2#6a5b95b2d4d55771e3d12b233ef0f28f
