schema: '2.0'
stages:
  schema:
    cmd: 'true'
    deps:
    - path: schemas/az-schema.status
      md5: 6abe435d9a6b1dd53ba83a3a12d600f4
      size: 199
    - path: schemas/bx-schema.status
      md5: e2d62021499a07b132d06041830937ee
      size: 199
    - path: schemas/common-schema.status
      md5: 7b1573f0b66a6ab85a466e73d89fe8e1
      size: 202
    - path: schemas/gr-schema.status
      md5: 90419bc9355a93959ecbd70912a1cdaa
      size: 404
    - path: schemas/loc-id-aliases.status
      md5: fdadda79df97ae47a6ba2c90549dc6a7
      size: 219
    - path: schemas/loc-mds-schema.status
      md5: 46f16ce2b7d1b98552f9b25db85320f0
      size: 266
    - path: schemas/ol-schema.status
      md5: 95a145b1e51fee59679ae560537258e4
      size: 265
    - path: schemas/viaf-schema.status
      md5: 2b769ad90bf3c9f5024b00aabf04c6e0
      size: 204
  all:
    cmd: 'true'
    deps:
    - path: index/gr-book-info.status
      md5: 6a23672edcf429714b16d6abf184cbed
      size: 507
    - path: index/loc-mds-book-info.status
      md5: d175bf840b3b503d25b5f9724756c8fd
      size: 180
    - path: index/loc-mds-index-names.status
      md5: 859ef24fd1219fbf6b68e49ebff055ee
      size: 186
    - path: integrate/author-info.status
      md5: 473af41bf010aff9408b9e9865a1cfc6
      size: 468
    - path: integrate/author-stats.status
      md5: 0d90c5c1ee29a0da4fb5582fe9d6338e
      size: 213
    - path: integrate/cluster-stats.status
      md5: d53a32896dc5a09248c61e2eb690a219
      size: 348
  LinkageStats:
    cmd: jupytext --to ipynb --execute LinkageStats.py
    deps:
    - path: LinkageStats.py
      md5: 2774516276f32aa8c89979b2bd4752ef
      size: 4554
    - path: book-links/gender-stats.csv
      md5: 44405ed9653db449ebf4588d163a047d
      size: 1115
    outs:
    - path: LinkageStats.ipynb
      md5: 8aefe860954f0d2d67d95d82744ce7db
      size: 209629
    - path: book-coverage.json
      md5: 56f4fad51e054f2ae075e0d62727d134
      size: 122
  ClusterStats:
    cmd: jupytext --to ipynb --execute ClusterStats.py
    deps:
    - path: ClusterStats.py
      md5: b46fa0c1c5da03a5bf55fee8826d914f
      size: 3402
    - path: book-links/cluster-stats.parquet
      md5: 00343d6b07198c9d26de2d46ce785206
      size: 122446262
    outs:
    - path: ClusterStats.ipynb
      md5: 391d0b58d2fe99f3a730009d40e1ed87
      size: 96604
  html-report@LinkageStats:
    cmd: jupyter nbconvert --to html "LinkageStats.ipynb"
    deps:
    - path: LinkageStats.ipynb
      md5: 8aefe860954f0d2d67d95d82744ce7db
      size: 209629
    outs:
    - path: LinkageStats.html
      md5: 6b8983c05233e5d6ee032dd05125d228
      size: 801914
  html-report@ClusterStats:
    cmd: jupyter nbconvert --to html "ClusterStats.ipynb"
    deps:
    - path: ClusterStats.ipynb
      md5: 391d0b58d2fe99f3a730009d40e1ed87
      size: 96604
    outs:
    - path: ClusterStats.html
      md5: 893e8832e07bce4fcee75e9ab6727d6d
      size: 680486
