schema: '2.0'
stages:
  scan-interactions:
    cmd: python ../../run.py --rust goodreads scan interactions --csv --book-map ../../data/goodreads/book_id_map.csv
      ../../data/goodreads/goodreads_interactions.csv
    deps:
    - path: ../../data/goodreads/book_id_map.csv
      md5: c4e5afd568df2f7a4a8a52f3eeb88413
      size: 37846957
    - path: ../../data/goodreads/goodreads_interactions.csv
      md5: 696fbf71f0082c0b6a2379182b147c1e
      size: 4318621741
    - path: ../../src/cli/goodreads
      md5: 7583ac7b3031ba9ff063e787d352fdda.dir
      size: 10756
      nfiles: 4
    - path: ../../src/goodreads
      md5: b71b1bcda391d44638b265f72f2dd63d.dir
      size: 15726
      nfiles: 7
    outs:
    - path: gr-interactions.parquet
      md5: e01dd1692896c9ae0a2b18e94b94e5aa
      size: 1456440955
  cluster-actions:
    cmd: python run.py --rust goodreads cluster-interactions --add-actions --simple
      -o goodreads/simple/gr-cluster-actions.parquet
    deps:
    - path: goodreads/gr-book-link.parquet
      md5: f20be027ce222f5e6a004a7777aeeb4b
      size: 19848713
    - path: goodreads/simple/gr-interactions.parquet
      md5: e01dd1692896c9ae0a2b18e94b94e5aa
      size: 1456440955
    - path: src/cli/goodreads/cluster.rs
      md5: fe94c4e67de7e96783ff948dc8943352
      size: 6566
    outs:
    - path: goodreads/simple/gr-cluster-actions.parquet
      md5: e1b03fd784a95300c161382264506e84
      size: 1471922109
  cluster-ratings:
    cmd: python run.py --rust goodreads cluster-interactions --ratings --simple -o
      goodreads/simple/gr-cluster-ratings.parquet
    deps:
    - path: goodreads/gr-book-link.parquet
      md5: f20be027ce222f5e6a004a7777aeeb4b
      size: 19848713
    - path: goodreads/simple/gr-interactions.parquet
      md5: e01dd1692896c9ae0a2b18e94b94e5aa
      size: 1456440955
    - path: src/cli/goodreads/cluster.rs
      md5: fe94c4e67de7e96783ff948dc8943352
      size: 6566
    outs:
    - path: goodreads/simple/gr-cluster-ratings.parquet
      md5: 7dbf9e2f6263bc210a303205ce2251fb
      size: 690095844
  schema@gr-interactions:
    cmd: python ../../run.py --rust pq-info -o gr-interactions.json gr-interactions.parquet
    deps:
    - path: gr-interactions.parquet
      md5: e01dd1692896c9ae0a2b18e94b94e5aa
      size: 1456440955
    outs:
    - path: gr-interactions.json
      md5: 74b4602621d42efc878cc838594bd4f4
      size: 523
  work-ratings:
    cmd: python run.py --rust goodreads cluster-interactions --ratings --simple --native-works
      -o goodreads/simple/gr-work-ratings.parquet
    deps:
    - path: goodreads/gr-book-link.parquet
      md5: f20be027ce222f5e6a004a7777aeeb4b
      size: 19848713
    - path: goodreads/simple/gr-interactions.parquet
      md5: e01dd1692896c9ae0a2b18e94b94e5aa
      size: 1456440955
    - path: src/cli/goodreads/cluster.rs
      md5: fe94c4e67de7e96783ff948dc8943352
      size: 6566
    outs:
    - path: goodreads/simple/gr-work-ratings.parquet
      md5: 9c731f847ea48b67ff40a4f5c765bb81
      size: 721227430
  schema@gr-work-ratings:
    cmd: python ../../run.py --rust pq-info -o gr-work-ratings.json gr-work-ratings.parquet
    deps:
    - path: gr-work-ratings.parquet
      md5: 9c731f847ea48b67ff40a4f5c765bb81
      size: 721227430
    outs:
    - path: gr-work-ratings.json
      md5: afe1f5e5f62586d0c4ef352fdd3e93f6
      size: 425
  schema@gr-cluster-ratings:
    cmd: python ../../run.py --rust pq-info -o gr-cluster-ratings.json gr-cluster-ratings.parquet
    deps:
    - path: gr-cluster-ratings.parquet
      md5: 7dbf9e2f6263bc210a303205ce2251fb
      size: 690095844
    outs:
    - path: gr-cluster-ratings.json
      md5: 993af4cb89eef4e24c0b6060c72ce566
      size: 424
  schema@gr-cluster-actions:
    cmd: python ../../run.py --rust pq-info -o gr-cluster-actions.json gr-cluster-actions.parquet
    deps:
    - path: gr-cluster-actions.parquet
      md5: e1b03fd784a95300c161382264506e84
      size: 1471922109
    outs:
    - path: gr-cluster-actions.json
      md5: 7ad500df6ad0dab9d667a6e4f781beb1
      size: 431
  work-actions:
    cmd: python run.py --rust goodreads cluster-interactions --add-actions --simple
      --native-works -o goodreads/simple/gr-work-actions.parquet
    deps:
    - path: goodreads/gr-book-link.parquet
      md5: f20be027ce222f5e6a004a7777aeeb4b
      size: 19848713
    - path: goodreads/simple/gr-interactions.parquet
      md5: e01dd1692896c9ae0a2b18e94b94e5aa
      size: 1456440955
    - path: src/cli/goodreads/cluster.rs
      md5: fe94c4e67de7e96783ff948dc8943352
      size: 6566
    outs:
    - path: goodreads/simple/gr-work-actions.parquet
      md5: cb9664367a4b2fe0b083377b0aa89015
      size: 1528025836
  schema@gr-work-actions:
    cmd: python ../../run.py --rust pq-info -o gr-work-actions.json gr-work-actions.parquet
    deps:
    - path: gr-work-actions.parquet
      md5: cb9664367a4b2fe0b083377b0aa89015
      size: 1528025836
    outs:
    - path: gr-work-actions.json
      md5: 256ad6389f4e8a8f67bd3533366e7a7d
      size: 431
