schema: '2.0'
stages:
  scan-ratings:
    cmd: python ../run.py --rust amazon scan-ratings -o ratings.parquet ../data/az2014/ratings_Books.csv
    deps:
    - path: ../data/az2014/ratings_Books.csv
      md5: 77b4a5b887e14e16b13e7788bdf70156
      size: 916259348
    - path: ../src/amazon.rs
      md5: ca443fd61449940a5efcfda11139d8f1
      size: 595
    - path: ../src/cli/amazon/
      md5: 92cacc3756b1e670693cac60eaf68280.dir
      size: 1399
      nfiles: 2
    outs:
    - path: ratings.parquet
      md5: f3e8018263dadb98a221f7a0fd0f6821
      size: 147804724
  cluster-ratings:
    cmd: python run.py --rust cluster group-actions -s az-ratings -f az2014/ratings.parquet
      -o az2014/az-cluster-ratings.parquet
    deps:
    - path: az2014/ratings.parquet
      md5: f3e8018263dadb98a221f7a0fd0f6821
      size: 147804724
    - path: book-links/all-isbns.parquet
      md5: d8369e4b05d4a7de9a8633c05a02012e
      size: 193645280
    - path: book-links/isbn-clusters.parquet
      md5: 3e18bff91113340b4ef064980cc86736
      size: 229377432
    - path: src/cli/cluster/
      md5: a1d600e4111815f34cd366be955d3f8f.dir
      size: 24990
      nfiles: 11
    outs:
    - path: az2014/az-cluster-ratings.parquet
      md5: 7bb4bdb67db6a7a818799abb68db10d8
      size: 302960660
  schema@ratings:
    cmd: python ../run.py --rust pq-info -o ratings.json ratings.parquet
    deps:
    - path: ratings.parquet
      md5: f3e8018263dadb98a221f7a0fd0f6821
      size: 147804724
    outs:
    - path: ratings.json
      md5: 47bda8e1d7e226de05134d0f36999078
      size: 635
  schema@az-cluster-ratings:
    cmd: python ../run.py --rust pq-info -o az-cluster-ratings.json az-cluster-ratings.parquet
    deps:
    - path: az-cluster-ratings.parquet
      md5: 7bb4bdb67db6a7a818799abb68db10d8
      size: 302960660
    outs:
    - path: az-cluster-ratings.json
      md5: a4517a4b05fce2d9b28816d0ed66eba2
      size: 1071
