schema: '2.0'
stages:
  scan-ratings:
    cmd: python ../run.py --rust amazon scan-ratings -o ratings.parquet ../data/az2014/ratings_Books.csv
    deps:
    - path: ../data/az2014/ratings_Books.csv
      md5: 77b4a5b887e14e16b13e7788bdf70156
      size: 916259348
    - path: ../src/amazon.rs
      md5: eae365a533cc290e8c60b8d4dbdd4e46
      size: 564
    - path: ../src/cli/amazon/
      md5: 122d486e35b48b3ba25d5b55cafffd9d.dir
      size: 1535
      nfiles: 2
    outs:
    - path: ratings.parquet
      md5: 16442bc70b86c53dc8e5941ac85e7a18
      size: 136992321
  cluster-ratings:
    cmd: python ../run.py az-cluster-ratings.py
    deps:
    - path: ../book-links/all-isbns.parquet
      md5: 853ac4693adcb143223a383ef65e69e3
      size: 272956344
    - path: ../book-links/isbn-clusters.parquet
      md5: 6d6bad45f562085798e8d6731cdd56b1
      size: 330399885
    - path: az-cluster-ratings.py
      md5: 1741af277753a63e76ff98c431863095
      size: 1206
    - path: ratings.parquet
      md5: 16442bc70b86c53dc8e5941ac85e7a18
      size: 136992321
    outs:
    - path: az-cluster-ratings.parquet
      md5: ec29072d8341bb5f60089c0c1e75f7d4
      size: 288448243
  schema@ratings:
    cmd: python ../run.py --rust pq-info -o ratings.json ratings.parquet
    deps:
    - path: ratings.parquet
      md5: 1a64a821bb159259b584bc1b7e196d11
      size: 147930126
    outs:
    - path: ratings.json
      md5: b30fe2abccd670f8906ca83b077228e7
      size: 635
  schema@az-cluster-ratings:
    cmd: python ../run.py --rust pq-info -o az-cluster-ratings.json az-cluster-ratings.parquet
    deps:
    - path: az-cluster-ratings.parquet
      md5: 521de16dcb3358d9505f74a76fe80dc2
      size: 302643823
    outs:
    - path: az-cluster-ratings.json
      md5: 81be3feddacb9d77757b84aa0827fa57
      size: 1071
