schema: '2.0'
stages:
  scan-ratings:
    cmd: python ../run.py --rust amazon scan-ratings -o ratings.parquet ../data/az2014/ratings_Books.csv
    deps:
    - path: ../data/az2014/ratings_Books.csv
      md5: 77b4a5b887e14e16b13e7788bdf70156
      size: 916259348
    - path: ../src/amazon.rs
      md5: 420f64daa5bef2353140c3edabb9e326
      size: 1291
    - path: ../src/cli/amazon/
      md5: 369736708f82ee18792f301592a98858.dir
      size: 5371
      nfiles: 4
    outs:
    - path: ratings.parquet
      md5: 16442bc70b86c53dc8e5941ac85e7a18
      size: 136992321
  cluster-ratings:
    cmd: python run.py --rust amazon cluster-ratings -o az2014/az-cluster-ratings.parquet
      az2014/ratings.parquet
    deps:
    - path: az2014/ratings.parquet
      md5: 16442bc70b86c53dc8e5941ac85e7a18
      size: 136992321
    - path: book-links/isbn-clusters.parquet
      md5: 486fd0e900df76256420989c6fb9a013
      size: 335302728
    - path: src/cli/amazon
      md5: 369736708f82ee18792f301592a98858.dir
      size: 5371
      nfiles: 4
    outs:
    - path: az2014/az-cluster-ratings.parquet
      md5: 7c7a426d5a1a1b67937a84cbd4222d13
      size: 291824940
  schema@ratings:
    cmd: python ../run.py --rust pq-info -o ratings.json ratings.parquet
    deps:
    - path: ratings.parquet
      md5: 16442bc70b86c53dc8e5941ac85e7a18
      size: 136992321
    outs:
    - path: ratings.json
      md5: 55852ae618466da4ed774a1ae1967ad1
      size: 427
  schema@az-cluster-ratings:
    cmd: python ../run.py --rust pq-info -o az-cluster-ratings.json az-cluster-ratings.parquet
    deps:
    - path: az-cluster-ratings.parquet
      md5: 7c7a426d5a1a1b67937a84cbd4222d13
      size: 291824940
    outs:
    - path: az-cluster-ratings.json
      md5: 88e3dbb0dbaf78144ce6bbec85d3f290
      size: 702
