schema: '2.0'
stages:
  collect-isbns:
    cmd: python run.py collect-isbns
    deps:
    - path: data/bx-ratings.csv
      md5: 87ff602e73385af1dfebbdadb268699d
      size: 22633828
    - path: goodreads/gr-book-ids.parquet
      md5: 8093d38ca36961fe279de08438a61813
      size: 41354339
    - path: loc-mds/book-isbns.parquet
      md5: 68d32b3769171e45e42e42080786cbe4
      size: 61308871
    - path: openlibrary/edition-isbns.parquet
      md5: ffe6f2bd530fa0a96700d50c6f53a64b
      size: 163883427
    - path: scripts/collect-isbns.py
      md5: 405095c312b3d1fe8ae41e07455953d0
      size: 1836
    outs:
    - path: book-links/all-isbns.parquet
      md5: f6a7df4a8e52a2ed1572c7fdfde6da58
      size: 142738177
