schema: '2.0'
stages:
  scan-ratings:
    cmd: cargo run --release -- amazon scan-ratings -o ratings.parquet --swap-id-columns
      ../data/az2018/Books.csv
    deps:
    - path: ../data/az2018/Books.csv
      md5: bcdcbbf336eb0d410e7a7894efa904ab
      size: 2140933459
    - path: ../src/amazon.rs
      md5: e5583449da0a13d30ef473f580009fe5
      size: 632
    - path: ../src/cli/amazon/
      md5: 85672016e845434d1ae3c4810a1f0214.dir
      size: 3525
      nfiles: 3
    outs:
    - path: ratings.parquet
      hash: md5
      md5: 4e7d6dfa25fc1730fd176ac3f7f1c42a
      size: 316701214
  schema@ratings:
    cmd: python ../run.py --rust pq-info -o ratings.json ratings.parquet
    deps:
    - path: ratings.parquet
      md5: 060809287f39a08c63724a1e8ae0fd8d
      size: 316701214
    outs:
    - path: ratings.json
      md5: e122a398de9e64654720f792598b7e1e
      size: 427
  cluster-ratings:
    cmd: cargo run --release -- amazon cluster-ratings -o az2018/az-cluster-ratings.parquet
      az2018/ratings.parquet
    deps:
    - path: az2018/ratings.parquet
      hash: md5
      md5: 4e7d6dfa25fc1730fd176ac3f7f1c42a
      size: 316701214
    - path: book-links/isbn-clusters.parquet
      hash: md5
      md5: 699bcfd0ff6e86d4c93302d379d609d3
      size: 434207480
    - path: src/cli/amazon
      md5: 85672016e845434d1ae3c4810a1f0214.dir
      size: 3525
      nfiles: 3
    outs:
    - path: az2018/az-cluster-ratings.parquet
      hash: md5
      md5: 613d2d5f98f0e60f7856234ef591a589
      size: 420095965
  schema@az-cluster-ratings:
    cmd: python ../run.py --rust pq-info -o az-cluster-ratings.json az-cluster-ratings.parquet
    deps:
    - path: az-cluster-ratings.parquet
      md5: c9ecf365a84cfb2ff36b87ec9c393c35
      size: 661901612
    outs:
    - path: az-cluster-ratings.json
      md5: da713f0303e3384dfb8624edf8924005
      size: 702
  cluster-ratings-5core:
    cmd: cargo run --release -- kcore -o az-cluster-ratings-5core.parquet az-cluster-ratings.parquet
    deps:
    - path: ../src/cli/kcore.rs
      md5: 465d9e12ae006ecadae07a6d45a11d3f
      size: 5124
    - path: az-cluster-ratings.parquet
      hash: md5
      md5: 613d2d5f98f0e60f7856234ef591a589
      size: 420095965
    outs:
    - path: az-cluster-ratings-5core.parquet
      hash: md5
      md5: b0ee1ee2835cce9cc9d75d330a78debc
      size: 217780481
