schema: '2.0'
stages:
  scan-books:
    cmd: python ../run.py --rust scan-marc-books --glob "../data/loc-books/BooksAll.2016*.xml.gz"
    deps:
    - path: ../data/loc-books
      md5: 1b1e7ab1d98cc81e373dfc53345d4bb7.dir
      size: 3129774145
      nfiles: 43
    - path: ../src/bin/scan-marc-books.rs
      md5: 175733a726aa49e3c7a1a9d59f64270d
      size: 4798
    outs:
    - path: book-fields.parquet
      md5: 6bf127d32261edc0a5b07e183ca62f9e
      size: 3214338763
    - path: book-ids.parquet
      md5: b66f522d16c2ac289ee8030846576ba4
      size: 76945698
    - path: book-isbns.csv.gz
      md5: 13712679c51f3e9a3e5b0c5edfa26918
      size: 55385865
