schema: '2.0'
stages:
  scan-interactions:
    cmd: cargo run --release -- goodreads scan interactions ../data/goodreads/goodreads_interactions.json.gz
    deps:
    - path: ../data/goodreads/goodreads_interactions.json.gz
      hash: md5
      md5: f2d054a85f33d405a9bff6933005ba89
      size: 9388113365
    - path: ../src/cli/goodreads
      hash: md5
      md5: ffefc1538cc827ec171e10f995e105da.dir
      size: 11179
      nfiles: 4
    - path: ../src/goodreads
      hash: md5
      md5: fadd42566e4874f846b23b77423814e6.dir
      size: 20890
      nfiles: 9
    outs:
    - path: gr-interactions.parquet
      hash: md5
      md5: 6240470ddee327bbb13b00f296c16c6b
      size: 3766175599
    - path: gr-users.parquet
      hash: md5
      md5: 811291a9072adda3c345a518ee4cb898
      size: 18535987
  scan-book-info:
    cmd: cargo run --release -- goodreads scan books ../data/goodreads/goodreads_books.json.gz
    deps:
    - path: ../data/goodreads/goodreads_books.json.gz
      md5: 01b40c70a00fb6aa321ee478f0fd0d6b
      size: 2043729443
    - path: ../src/cli/goodreads
      hash: md5
      md5: ffefc1538cc827ec171e10f995e105da.dir
      size: 11179
      nfiles: 4
    - path: ../src/goodreads
      hash: md5
      md5: fadd42566e4874f846b23b77423814e6.dir
      size: 20890
      nfiles: 9
    outs:
    - path: gr-book-authors.parquet
      hash: md5
      md5: 8d99dfeee4793df4e8721e9a59e767a2
      size: 22394408
    - path: gr-book-ids.parquet
      hash: md5
      md5: b0468ecf2185efa11f4353e3e62d97af
      size: 43451805
    - path: gr-book-info.parquet
      hash: md5
      md5: 987fdc0732f3fab09ef3a4eb8387f839
      size: 11243049
    - path: gr-book-series.parquet
      hash: md5
      md5: 85fe1f416fbfd72680cbd5037a676d1b
      size: 5470243
  scan-work-info:
    cmd: cargo run --release -- goodreads scan works ../data/goodreads/goodreads_book_works.json.gz
    deps:
    - path: ../data/goodreads/goodreads_book_works.json.gz
      md5: e80738a88d02d2b0081cd249d9b4f081
      size: 81412944
    - path: ../src/cli/goodreads
      hash: md5
      md5: ffefc1538cc827ec171e10f995e105da.dir
      size: 11179
      nfiles: 4
    - path: ../src/goodreads
      hash: md5
      md5: fadd42566e4874f846b23b77423814e6.dir
      size: 20890
      nfiles: 9
    outs:
    - path: gr-work-info.parquet
      hash: md5
      md5: 9426a3878067c7e243884cc7b45b78f8
      size: 19010569
  book-isbn-ids:
    cmd: cargo run --release -- link-isbn-ids -o goodreads/book-isbn-ids.parquet -R
      book_id -I isbn10 -I isbn13 -I asin goodreads/gr-book-ids.parquet
    deps:
    - path: book-links/all-isbns.parquet
      hash: md5
      md5: 0a0a07de5b7af9e522796043977ffa05
      size: 446802717
    - path: goodreads/gr-book-ids.parquet
      hash: md5
      md5: b0468ecf2185efa11f4353e3e62d97af
      size: 43451805
    - path: src/cli/goodreads
      hash: md5
      md5: c0a54348a03273fb3278677a56f8fde5.dir
      size: 10825
      nfiles: 4
    outs:
    - path: goodreads/book-isbn-ids.parquet
      hash: md5
      md5: bc0e5bf273270ed178a6045be5bafb09
      size: 16211577
  cluster-ratings:
    cmd: cargo run --release -- goodreads cluster-interactions --ratings -o goodreads/gr-cluster-ratings.parquet
    deps:
    - path: goodreads/gr-book-link.parquet
      hash: md5
      md5: de89a4c55136745ec8e74bd9bfb45356
      size: 19964329
    - path: goodreads/gr-interactions.parquet
      hash: md5
      md5: 6240470ddee327bbb13b00f296c16c6b
      size: 3766175599
    - path: src/cli/goodreads/cluster.rs
      hash: md5
      md5: 12f13ab15a906d6dbb1d84385c55760f
      size: 6268
    outs:
    - path: goodreads/gr-cluster-ratings.parquet
      hash: md5
      md5: 0b7d4d05919f5e674a60813ed24424e0
      size: 772173497
  book-links:
    cmd: cargo run --release -- cluster extract-books -o goodreads/gr-book-link.parquet
      -n book_id --join-file goodreads/gr-book-ids.parquet --join-field work_id GR-B
    deps:
    - path: book-links/cluster-graph-nodes.parquet
      hash: md5
      md5: 9e30b7e857742c3fcdb95fe7e0dc5b01
      size: 1303216110
    - path: goodreads/gr-book-ids.parquet
      hash: md5
      md5: b0468ecf2185efa11f4353e3e62d97af
      size: 43451805
    outs:
    - path: goodreads/gr-book-link.parquet
      hash: md5
      md5: de89a4c55136745ec8e74bd9bfb45356
      size: 19964329
  cluster-interactions:
    cmd: python cluster-ratings.py
    deps:
    - path: cluster-ratings.py
      md5: d44be03784268f02b28c1b40bc108c27
      size: 1219
    - path: gr-book-link.parquet
      md5: f31fc29c8644c439e192af9868604a93
      size: 29380146
    - path: gr-interactions.parquet
      md5: 0ee400ec374aa0263198b25e9d9140e0
      size: 1619196241
    outs:
    - path: gr-cluster-ratings.parquet
      md5: af8b42db6e3b8f0ded896f7cab433530
      size: 327784394
  cluster-actions:
    cmd: cargo run --release -- goodreads cluster-interactions --add-actions -o goodreads/gr-cluster-actions.parquet
    deps:
    - path: goodreads/gr-book-link.parquet
      hash: md5
      md5: de89a4c55136745ec8e74bd9bfb45356
      size: 19964329
    - path: goodreads/gr-interactions.parquet
      hash: md5
      md5: 6240470ddee327bbb13b00f296c16c6b
      size: 3766175599
    - path: src/cli/goodreads/cluster.rs
      hash: md5
      md5: 12f13ab15a906d6dbb1d84385c55760f
      size: 6268
    outs:
    - path: goodreads/gr-cluster-actions.parquet
      hash: md5
      md5: 5db327b8d6a8f07c64c4c73cf2b8d61c
      size: 1465741747
  work-ratings:
    cmd: cargo run --release -- goodreads cluster-interactions --ratings --native-works
      -o goodreads/gr-work-ratings.parquet
    deps:
    - path: goodreads/gr-book-link.parquet
      hash: md5
      md5: de89a4c55136745ec8e74bd9bfb45356
      size: 19964329
    - path: goodreads/gr-interactions.parquet
      hash: md5
      md5: 6240470ddee327bbb13b00f296c16c6b
      size: 3766175599
    - path: src/cli/goodreads/cluster.rs
      hash: md5
      md5: 12f13ab15a906d6dbb1d84385c55760f
      size: 6268
    outs:
    - path: goodreads/gr-work-ratings.parquet
      hash: md5
      md5: 3a4ae1f872a24830794a3b0c2543f996
      size: 790840741
  work-actions:
    cmd: cargo run --release -- goodreads cluster-interactions --add-actions --native-works
      -o goodreads/gr-work-actions.parquet
    deps:
    - path: goodreads/gr-book-link.parquet
      hash: md5
      md5: de89a4c55136745ec8e74bd9bfb45356
      size: 19964329
    - path: goodreads/gr-interactions.parquet
      hash: md5
      md5: 6240470ddee327bbb13b00f296c16c6b
      size: 3766175599
    - path: src/cli/goodreads/cluster.rs
      hash: md5
      md5: 12f13ab15a906d6dbb1d84385c55760f
      size: 6268
    outs:
    - path: goodreads/gr-work-actions.parquet
      hash: md5
      md5: d32c29f8f377894f8ddb672581e65db1
      size: 1485141703
  work-gender:
    cmd: cargo run --release -- goodreads work-gender
    deps:
    - path: ../book-links/cluster-genders.parquet
      hash: md5
      md5: 6cf626b33172195a51bfc1b3560b1832
      size: 163010492
    - path: ../src/cli/goodreads
      hash: md5
      md5: ffefc1538cc827ec171e10f995e105da.dir
      size: 11179
      nfiles: 4
    - path: gr-book-link.parquet
      hash: md5
      md5: de89a4c55136745ec8e74bd9bfb45356
      size: 19964329
    outs:
    - path: gr-book-gender.parquet
      hash: md5
      md5: 1aa0e12b4871420baf59165dde3d456a
      size: 47235674
    - path: gr-work-item-gender.parquet
      hash: md5
      md5: 8436ad1250e2f40803a02c2954e4bde0
      size: 7715354
  schema@gr-work-gender:
    cmd: python ../run.py --rust pq-info -o gr-work-gender.json gr-work-gender.parquet
    deps:
    - path: gr-work-gender.parquet
      md5: 45e9d912b392b0d714f67c126531bbae
      size: 28891449
    outs:
    - path: gr-work-gender.json
      md5: 4c896ebcdce4495982076d1150ea9e5a
      size: 423
  schema@gr-work-info:
    cmd: python ../run.py --rust pq-info -o gr-work-info.json gr-work-info.parquet
    deps:
    - path: gr-work-info.parquet
      md5: 79b363824af58bff7fa61e645bbe23b1
      size: 21837297
    outs:
    - path: gr-work-info.json
      md5: 833d0d78ade406bdde4f310c619c7c13
      size: 517
  schema@gr-work-actions:
    cmd: python ../run.py --rust pq-info -o gr-work-actions.json gr-work-actions.parquet
    deps:
    - path: gr-work-actions.parquet
      md5: a15faa45f6b956f93a7795b453d946e8
      size: 1569601498
    outs:
    - path: gr-work-actions.json
      md5: fbd53ff95cd17f34166e93c8b039cb07
      size: 618
  schema@gr-work-ratings:
    cmd: python ../run.py --rust pq-info -o gr-work-ratings.json gr-work-ratings.parquet
    deps:
    - path: gr-work-ratings.parquet
      md5: 0d9f519acad4d8f1b94dafc54bace4a3
      size: 1640676645
    outs:
    - path: gr-work-ratings.json
      md5: 77c0c065962ddeee0d183dae1ac1e897
      size: 708
  schema@gr-book-info:
    cmd: python ../run.py --rust pq-info -o gr-book-info.json gr-book-info.parquet
    deps:
    - path: gr-book-info.parquet
      md5: a4344a4f10eb8631049a5d2f4cf91e7f
      size: 15146558
    outs:
    - path: gr-book-info.json
      md5: 8cc501ca40ea549e8d27d948b3ff0231
      size: 518
  schema@book-isbn-ids:
    cmd: python ../run.py --rust pq-info -o book-isbn-ids.json book-isbn-ids.parquet
    deps:
    - path: book-isbn-ids.parquet
      md5: 100ea102d2775993cc40522df7210687
      size: 15490623
    outs:
    - path: book-isbn-ids.json
      md5: 771436a0047e0443854ba36d95411b20
      size: 249
  schema@gr-interactions:
    cmd: python ../run.py --rust pq-info -o gr-interactions.json gr-interactions.parquet
    deps:
    - path: gr-interactions.parquet
      md5: 9788655b2499eb8150398f8c1558e823
      size: 4372045343
    outs:
    - path: gr-interactions.json
      md5: 9b3af7db2bcd5cb7616d6f0a17daefb4
      size: 990
  schema@gr-book-ids:
    cmd: python ../run.py --rust pq-info -o gr-book-ids.json gr-book-ids.parquet
    deps:
    - path: gr-book-ids.parquet
      md5: e259dab35fc7e37e8904bc2584245138
      size: 37497686
    outs:
    - path: gr-book-ids.json
      md5: 130b3c6d3d145ee97264041a3637ef7e
      size: 507
  schema@gr-cluster-ratings:
    cmd: python ../run.py --rust pq-info -o gr-cluster-ratings.json gr-cluster-ratings.parquet
    deps:
    - path: gr-cluster-ratings.parquet
      md5: 353cd5edc3df644c77fe01da8f26a436
      size: 1593822465
    outs:
    - path: gr-cluster-ratings.json
      md5: 6a5a2ef9fa4305c24fd17082f9d976e4
      size: 707
  schema@gr-users:
    cmd: python ../run.py --rust pq-info -o gr-users.json gr-users.parquet
    deps:
    - path: gr-users.parquet
      md5: ff0d06650a9944bf80cc8c4a99827c1d
      size: 18683237
    outs:
    - path: gr-users.json
      md5: 70a463f659828f45949b5288557788f7
      size: 244
  schema@gr-book-link:
    cmd: python ../run.py --rust pq-info -o gr-book-link.json gr-book-link.parquet
    deps:
    - path: gr-book-link.parquet
      md5: 17c43318b93c22563377f71b2ee45a1e
      size: 19787709
    outs:
    - path: gr-book-link.json
      md5: e6406cbc13eae52d6b605604c709a4af
      size: 338
  schema@gr-cluster-actions:
    cmd: python ../run.py --rust pq-info -o gr-cluster-actions.json gr-cluster-actions.parquet
    deps:
    - path: gr-cluster-actions.parquet
      md5: a93581e4cc78bf216b34358417954393
      size: 1525089046
    outs:
    - path: gr-cluster-actions.json
      md5: 6929df3364058a637d1aa4df32ba5567
      size: 617
  scan-book-genres:
    cmd: cargo run --release -- goodreads scan genres ../data/goodreads/goodreads_book_genres_initial.json.gz
    deps:
    - path: ../data/goodreads/goodreads_book_genres_initial.json.gz
      md5: 99ee3d1cadd68818c3dd0ef0d2f10602
      size: 24253992
    - path: ../src/cli/goodreads
      hash: md5
      md5: ffefc1538cc827ec171e10f995e105da.dir
      size: 11179
      nfiles: 4
    - path: ../src/goodreads
      hash: md5
      md5: fadd42566e4874f846b23b77423814e6.dir
      size: 20890
      nfiles: 9
    outs:
    - path: gr-book-genres.parquet
      hash: md5
      md5: 1addf72c2d47322076527d743e440bbe
      size: 22825384
    - path: gr-genres.parquet
      hash: md5
      md5: 850e190dabdeacdb91aaa541d709d8c0
      size: 782
  schema@gr-genres:
    cmd: python ../run.py --rust pq-info -o gr-genres.json gr-genres.parquet
    deps:
    - path: gr-genres.parquet
      md5: c24a0e55e1bc79258188aac5da3e1ac3
      size: 809
    outs:
    - path: gr-genres.json
      md5: 8df384efb85a16440ee09f14a3da1771
      size: 235
  schema@gr-book-series:
    cmd: python ../run.py --rust pq-info -o gr-book-series.json gr-book-series.parquet
    deps:
    - path: gr-book-series.parquet
      md5: 6688b051bf7a7b3ed720a49ba74a528c
      size: 5654585
    outs:
    - path: gr-book-series.json
      md5: 02b8f57e20dbdddb8fc883fc03ef0561
      size: 245
  schema@gr-book-genres:
    cmd: python ../run.py --rust pq-info -o gr-book-genres.json gr-book-genres.parquet
    deps:
    - path: gr-book-genres.parquet
      md5: 96e51ae7b7e09f9d752b110306bc8dd1
      size: 17278459
    outs:
    - path: gr-book-genres.json
      md5: 0a9f5acaf9bc9c79b6c2792f311f9889
      size: 338
  scan-simple-interactions:
    cmd: python ../run.py --rust goodreads scan interactions --csv --book-map ../data/goodreads/book_id_map.csv
      ../data/goodreads/goodreads_interactions.csv
    deps:
    - path: ../data/goodreads/book_id_map.csv
      md5: c4e5afd568df2f7a4a8a52f3eeb88413
      size: 37846957
    - path: ../data/goodreads/goodreads_interactions.csv
      md5: 696fbf71f0082c0b6a2379182b147c1e
      size: 4318621741
    - path: ../src/cli/goodreads.rs
      md5: 1fe05e7e29045b7ad1528df9af270c2d
      size: 3080
    - path: ../src/goodreads
      md5: 2a97b45388d5581a7db8e442cba294fb.dir
      size: 13762
      nfiles: 6
    outs:
    - path: gr-simple-interactions.parquet
      md5: e01dd1692896c9ae0a2b18e94b94e5aa
      size: 1456440955
  cluster-simple-ratings:
    cmd: python ../run.py gr-cluster-interactions.py --ratings --simple -o gr-cluster-simple-ratings.parquet
    deps:
    - path: gr-book-link.parquet
      md5: a8fbe0288a2682a983fe9550e500ad93
      size: 20310729
    - path: gr-cluster-interactions.py
      md5: f3bff4368de9ccfc6a9d92f9787eceb8
      size: 4159
    - path: gr-simple-interactions.parquet
      md5: e01dd1692896c9ae0a2b18e94b94e5aa
      size: 1456440955
    outs:
    - path: gr-cluster-simple-ratings.parquet
      md5: 0675244e9a9ba0d451bbe12dbcb3cbe4
      size: 689950939
  scan-author-info:
    cmd: cargo run --release -- goodreads scan authors ../data/goodreads/goodreads_book_authors.json.gz
    deps:
    - path: ../data/goodreads/goodreads_book_authors.json.gz
      md5: b193c3febd961fb69443b65ba05b83a7
      size: 17877585
    - path: ../src/cli/goodreads
      hash: md5
      md5: ffefc1538cc827ec171e10f995e105da.dir
      size: 11179
      nfiles: 4
    - path: ../src/goodreads
      hash: md5
      md5: fadd42566e4874f846b23b77423814e6.dir
      size: 20890
      nfiles: 9
    outs:
    - path: gr-author-info.parquet
      hash: md5
      md5: c6adf3469021cc641311a47fb9fe5301
      size: 10166801
  schema@gr-author-info:
    cmd: python ../run.py --rust pq-info -o gr-author-info.json gr-author-info.parquet
    deps:
    - path: gr-author-info.parquet
      md5: f91028921cc88b670cdcfddc8f66d23a
      size: 10031105
    outs:
    - path: gr-author-info.json
      md5: d60cc12c1bab7ad51515067d976ff3d1
      size: 245
  work-actions-5core:
    cmd: cargo run --release -- kcore -o gr-work-actions-5core.parquet gr-work-actions.parquet
    deps:
    - path: ../src/cli/kcore.rs
      hash: md5
      md5: 58dcccc90931b780ae4e2be73050b98a
      size: 5178
    - path: gr-work-actions.parquet
      hash: md5
      md5: d32c29f8f377894f8ddb672581e65db1
      size: 1485141703
    outs:
    - path: gr-work-actions-5core.parquet
      hash: md5
      md5: a781c1187ee36e5f95c3315ddec01b75
      size: 1473323208
  cluster-ratings-5core:
    cmd: cargo run --release -- kcore -o gr-cluster-ratings-5core.parquet gr-cluster-ratings.parquet
    deps:
    - path: ../src/cli/kcore.rs
      hash: md5
      md5: 58dcccc90931b780ae4e2be73050b98a
      size: 5178
    - path: gr-cluster-ratings.parquet
      hash: md5
      md5: 0b7d4d05919f5e674a60813ed24424e0
      size: 772173497
    outs:
    - path: gr-cluster-ratings-5core.parquet
      hash: md5
      md5: 26ce276aba1369db8f39d78ef7ccaf05
      size: 753852532
  cluster-actions-5core:
    cmd: cargo run --release -- kcore -o gr-cluster-actions-5core.parquet gr-cluster-actions.parquet
    deps:
    - path: ../src/cli/kcore.rs
      hash: md5
      md5: 58dcccc90931b780ae4e2be73050b98a
      size: 5178
    - path: gr-cluster-actions.parquet
      hash: md5
      md5: 5db327b8d6a8f07c64c4c73cf2b8d61c
      size: 1465741747
    outs:
    - path: gr-cluster-actions-5core.parquet
      hash: md5
      md5: b3ddbaf06b9876d6f8b7e63189bf81ea
      size: 1454641544
  work-ratings-5core:
    cmd: cargo run --release -- kcore -o gr-work-ratings-5core.parquet gr-work-ratings.parquet
    deps:
    - path: ../src/cli/kcore.rs
      hash: md5
      md5: 58dcccc90931b780ae4e2be73050b98a
      size: 5178
    - path: gr-work-ratings.parquet
      hash: md5
      md5: 3a4ae1f872a24830794a3b0c2543f996
      size: 790840741
    outs:
    - path: gr-work-ratings-5core.parquet
      hash: md5
      md5: a0a4101122a14d58e37925018f7f60a4
      size: 772818858
  work-actions-2015-100-10core:
    cmd: cargo run --release -- kcore --user-k 10 --item-k 100 --year 2015 -o gr-work-actions-2015-100-10core.parquet
      gr-work-actions.parquet
    deps:
    - path: ../src/cli/kcore.rs
      hash: md5
      md5: 58dcccc90931b780ae4e2be73050b98a
      size: 5178
    - path: gr-work-actions.parquet
      hash: md5
      md5: d32c29f8f377894f8ddb672581e65db1
      size: 1485141703
    outs:
    - path: gr-work-actions-2015-100-10core.parquet
      hash: md5
      md5: f2c4db0ed4227cdb10e7e6a3be77ea57
      size: 79168192
  work-ratings-2015-100-10core:
    cmd: cargo run --release -- kcore --user-k 10 --item-k 100 --year 2015 -o gr-work-ratings-2015-100-10core.parquet
      gr-work-ratings.parquet
    deps:
    - path: ../src/cli/kcore.rs
      hash: md5
      md5: 58dcccc90931b780ae4e2be73050b98a
      size: 5178
    - path: gr-work-ratings.parquet
      hash: md5
      md5: 3a4ae1f872a24830794a3b0c2543f996
      size: 790840741
    outs:
    - path: gr-work-ratings-2015-100-10core.parquet
      hash: md5
      md5: 0c4a11c38b33a721f1d5d419b0ab0a85
      size: 3297269
  scan-reviews:
    cmd: cargo run --release -- goodreads scan reviews ../data/goodreads/goodreads_reviews_dedup.json.gz
    deps:
    - path: ../data/goodreads/goodreads_reviews_dedup.json.gz
      hash: md5
      md5: bdd95c4f92691df3d311012254988a1e
      size: 5343299228
    - path: ../src/cli/goodreads
      hash: md5
      md5: ffefc1538cc827ec171e10f995e105da.dir
      size: 11179
      nfiles: 4
    - path: ../src/goodreads
      hash: md5
      md5: fadd42566e4874f846b23b77423814e6.dir
      size: 20890
      nfiles: 9
    - path: gr-book-link.parquet
      hash: md5
      md5: de89a4c55136745ec8e74bd9bfb45356
      size: 19964329
    - path: gr-users.parquet
      hash: md5
      md5: 811291a9072adda3c345a518ee4cb898
      size: 18535987
    outs:
    - path: gr-reviews.parquet
      hash: md5
      md5: 73a5a255d8f0f76e2b1d792850f9203d
      size: 4485199432
  work-item-info:
    cmd: python gr-work-items.py
    deps:
    - path: gr-book-ids.parquet
      hash: md5
      md5: be910aa4c1b8160e79a5ff4b3f39a447
      size: 43451805
    - path: gr-book-info.parquet
      hash: md5
      md5: 987fdc0732f3fab09ef3a4eb8387f839
      size: 11243049
    - path: gr-work-info.parquet
      hash: md5
      md5: 9426a3878067c7e243884cc7b45b78f8
      size: 19010569
    - path: gr-work-items.py
      hash: md5
      md5: a49d86d1bb3d6b63486f2ce4c5366a4a
      size: 1189
    outs:
    - path: gr-work-item-titles.parquet
      hash: md5
      md5: 04469fd97f7a5e2ab4f91bbcc00d13f1
      size: 23921983
  work-item-titles:
    cmd: python gr-work-item-titles.py
    deps:
    - path: gr-book-ids.parquet
      hash: md5
      md5: b0468ecf2185efa11f4353e3e62d97af
      size: 43451805
    - path: gr-book-info.parquet
      hash: md5
      md5: 987fdc0732f3fab09ef3a4eb8387f839
      size: 11243049
    - path: gr-work-info.parquet
      hash: md5
      md5: 9426a3878067c7e243884cc7b45b78f8
      size: 19010569
    - path: gr-work-item-titles.py
      hash: md5
      md5: a49d86d1bb3d6b63486f2ce4c5366a4a
      size: 1189
    outs:
    - path: gr-work-item-titles.parquet
      hash: md5
      md5: 39a134e634f48abf947e28a0d9006d15
      size: 23923840
  work-item-genres:
    cmd: python gr-work-item-genres.py
    deps:
    - path: gr-book-genres.parquet
      hash: md5
      md5: 1addf72c2d47322076527d743e440bbe
      size: 22825384
    - path: gr-book-ids.parquet
      hash: md5
      md5: b0468ecf2185efa11f4353e3e62d97af
      size: 43451805
    - path: gr-work-item-genres.py
      hash: md5
      md5: 83544e1d37fb64a0a25a7e44b04596e3
      size: 602
    outs:
    - path: gr-work-item-genres.parquet
      hash: md5
      md5: 953b3dc27adb75f5c14e75a6717d2e87
      size: 12573973
